// !$*UTF8*$!
{
	archiveVersion = 1;
	classes = {
	};
	objectVersion = 55;
	objects = {

/* Begin PBXBuildFile section */
		C11DBB5C28DDCC5E003E426D /* 03-string-trimmed.caf in Resources */ = {isa = PBXBuildFile; fileRef = C11DBB5B28DDCC5E003E426D /* 03-string-trimmed.caf */; };
		C11DBB5D28DDCC5E003E426D /* 03-string-trimmed.caf in Resources */ = {isa = PBXBuildFile; fileRef = C11DBB5B28DDCC5E003E426D /* 03-string-trimmed.caf */; };
		C11DBB6128DDDB77003E426D /* 09-outro-end-trimmed.caf in Resources */ = {isa = PBXBuildFile; fileRef = C11DBB5E28DDDB77003E426D /* 09-outro-end-trimmed.caf */; };
		C11DBB6228DDDB77003E426D /* 09-outro-end-trimmed.caf in Resources */ = {isa = PBXBuildFile; fileRef = C11DBB5E28DDDB77003E426D /* 09-outro-end-trimmed.caf */; };
		C11DBB6328DDDB77003E426D /* 07-outro-start-trimmed.caf in Resources */ = {isa = PBXBuildFile; fileRef = C11DBB5F28DDDB77003E426D /* 07-outro-start-trimmed.caf */; };
		C11DBB6428DDDB77003E426D /* 07-outro-start-trimmed.caf in Resources */ = {isa = PBXBuildFile; fileRef = C11DBB5F28DDDB77003E426D /* 07-outro-start-trimmed.caf */; };
		C11DBB6828DDDC1F003E426D /* 08-outro-middle-trimmed.caf in Resources */ = {isa = PBXBuildFile; fileRef = C11DBB6728DDDC1F003E426D /* 08-outro-middle-trimmed.caf */; };
		C11DBB6928DDDC1F003E426D /* 08-outro-middle-trimmed.caf in Resources */ = {isa = PBXBuildFile; fileRef = C11DBB6728DDDC1F003E426D /* 08-outro-middle-trimmed.caf */; };
		C11DBB6B28DDEDA2003E426D /* SelmaVoice.swift in Sources */ = {isa = PBXBuildFile; fileRef = C11DBB6A28DDEDA2003E426D /* SelmaVoice.swift */; };
		C11DBB6C28DDEDA2003E426D /* SelmaVoice.swift in Sources */ = {isa = PBXBuildFile; fileRef = C11DBB6A28DDEDA2003E426D /* SelmaVoice.swift */; };
		C1262F7828E3239F00F3C725 /* 2022-09-26-e1.md in Resources */ = {isa = PBXBuildFile; fileRef = C1262F6D28E3239E00F3C725 /* 2022-09-26-e1.md */; };
		C1262F7928E3239F00F3C725 /* 2022-09-26-e1.md in Resources */ = {isa = PBXBuildFile; fileRef = C1262F6D28E3239E00F3C725 /* 2022-09-26-e1.md */; };
		C1262F7A28E3239F00F3C725 /* 2022-09-27-e1.md in Resources */ = {isa = PBXBuildFile; fileRef = C1262F6E28E3239E00F3C725 /* 2022-09-27-e1.md */; };
		C1262F7B28E3239F00F3C725 /* 2022-09-27-e1.md in Resources */ = {isa = PBXBuildFile; fileRef = C1262F6E28E3239E00F3C725 /* 2022-09-27-e1.md */; };
		C1262F7C28E3239F00F3C725 /* 2022-09-21-e1.md in Resources */ = {isa = PBXBuildFile; fileRef = C1262F6F28E3239E00F3C725 /* 2022-09-21-e1.md */; };
		C1262F7D28E3239F00F3C725 /* 2022-09-21-e1.md in Resources */ = {isa = PBXBuildFile; fileRef = C1262F6F28E3239E00F3C725 /* 2022-09-21-e1.md */; };
		C1262F7E28E3239F00F3C725 /* 2022-09-26-e2.md in Resources */ = {isa = PBXBuildFile; fileRef = C1262F7028E3239E00F3C725 /* 2022-09-26-e2.md */; };
		C1262F7F28E3239F00F3C725 /* 2022-09-26-e2.md in Resources */ = {isa = PBXBuildFile; fileRef = C1262F7028E3239E00F3C725 /* 2022-09-26-e2.md */; };
		C1262F8028E3239F00F3C725 /* 2022-09-22-e2.md in Resources */ = {isa = PBXBuildFile; fileRef = C1262F7128E3239E00F3C725 /* 2022-09-22-e2.md */; };
		C1262F8128E3239F00F3C725 /* 2022-09-22-e2.md in Resources */ = {isa = PBXBuildFile; fileRef = C1262F7128E3239E00F3C725 /* 2022-09-22-e2.md */; };
		C1262F8228E3239F00F3C725 /* 2022-09-20-e2.md in Resources */ = {isa = PBXBuildFile; fileRef = C1262F7228E3239E00F3C725 /* 2022-09-20-e2.md */; };
		C1262F8328E3239F00F3C725 /* 2022-09-20-e2.md in Resources */ = {isa = PBXBuildFile; fileRef = C1262F7228E3239E00F3C725 /* 2022-09-20-e2.md */; };
		C1262F8428E3239F00F3C725 /* 2022-09-21-e2.md in Resources */ = {isa = PBXBuildFile; fileRef = C1262F7328E3239E00F3C725 /* 2022-09-21-e2.md */; };
		C1262F8528E3239F00F3C725 /* 2022-09-21-e2.md in Resources */ = {isa = PBXBuildFile; fileRef = C1262F7328E3239E00F3C725 /* 2022-09-21-e2.md */; };
		C1262F8628E3239F00F3C725 /* 2022-09-19-e1.md in Resources */ = {isa = PBXBuildFile; fileRef = C1262F7428E3239E00F3C725 /* 2022-09-19-e1.md */; };
		C1262F8728E3239F00F3C725 /* 2022-09-19-e1.md in Resources */ = {isa = PBXBuildFile; fileRef = C1262F7428E3239E00F3C725 /* 2022-09-19-e1.md */; };
		C1262F8828E3239F00F3C725 /* 2022-09-19-e2.md in Resources */ = {isa = PBXBuildFile; fileRef = C1262F7528E3239F00F3C725 /* 2022-09-19-e2.md */; };
		C1262F8928E3239F00F3C725 /* 2022-09-19-e2.md in Resources */ = {isa = PBXBuildFile; fileRef = C1262F7528E3239F00F3C725 /* 2022-09-19-e2.md */; };
		C1262F8A28E3239F00F3C725 /* 2022-09-20-e1.md in Resources */ = {isa = PBXBuildFile; fileRef = C1262F7628E3239F00F3C725 /* 2022-09-20-e1.md */; };
		C1262F8B28E3239F00F3C725 /* 2022-09-20-e1.md in Resources */ = {isa = PBXBuildFile; fileRef = C1262F7628E3239F00F3C725 /* 2022-09-20-e1.md */; };
		C1262F8C28E3239F00F3C725 /* 2022-09-22-e1.md in Resources */ = {isa = PBXBuildFile; fileRef = C1262F7728E3239F00F3C725 /* 2022-09-22-e1.md */; };
		C1262F8D28E3239F00F3C725 /* 2022-09-22-e1.md in Resources */ = {isa = PBXBuildFile; fileRef = C1262F7728E3239F00F3C725 /* 2022-09-22-e1.md */; };
		C1262F8F28E323DF00F3C725 /* ScriptParser.swift in Sources */ = {isa = PBXBuildFile; fileRef = C1262F8E28E323DF00F3C725 /* ScriptParser.swift */; };
		C1262F9028E323DF00F3C725 /* ScriptParser.swift in Sources */ = {isa = PBXBuildFile; fileRef = C1262F8E28E323DF00F3C725 /* ScriptParser.swift */; };
		C1262F9228E3259F00F3C725 /* ScriptView.swift in Sources */ = {isa = PBXBuildFile; fileRef = C1262F9128E3259F00F3C725 /* ScriptView.swift */; };
		C1262F9328E3259F00F3C725 /* ScriptView.swift in Sources */ = {isa = PBXBuildFile; fileRef = C1262F9128E3259F00F3C725 /* ScriptView.swift */; };
		C13A711E28E85B5B00BEE304 /* BuildingBlock.swift in Sources */ = {isa = PBXBuildFile; fileRef = C13A711D28E85B5B00BEE304 /* BuildingBlock.swift */; };
		C13A711F28E85B5B00BEE304 /* BuildingBlock.swift in Sources */ = {isa = PBXBuildFile; fileRef = C13A711D28E85B5B00BEE304 /* BuildingBlock.swift */; };
		C13C775228D889D900C6C61B /* bip-CAF.caf in Resources */ = {isa = PBXBuildFile; fileRef = C13C775128D889D900C6C61B /* bip-CAF.caf */; };
		C13C775328D889D900C6C61B /* bip-CAF.caf in Resources */ = {isa = PBXBuildFile; fileRef = C13C775128D889D900C6C61B /* bip-CAF.caf */; };
		C13C775B28D8B42A00C6C61B /* 00-intro-start-trimmed.caf in Resources */ = {isa = PBXBuildFile; fileRef = C13C775A28D8B42A00C6C61B /* 00-intro-start-trimmed.caf */; };
		C13C775C28D8B42A00C6C61B /* 00-intro-start-trimmed.caf in Resources */ = {isa = PBXBuildFile; fileRef = C13C775A28D8B42A00C6C61B /* 00-intro-start-trimmed.caf */; };
		C13C775E28D8B4FF00C6C61B /* 02-intro-end-trimmed.caf in Resources */ = {isa = PBXBuildFile; fileRef = C13C775D28D8B4FF00C6C61B /* 02-intro-end-trimmed.caf */; };
		C13C775F28D8B4FF00C6C61B /* 02-intro-end-trimmed.caf in Resources */ = {isa = PBXBuildFile; fileRef = C13C775D28D8B4FF00C6C61B /* 02-intro-end-trimmed.caf */; };
		C13C776128D8B52200C6C61B /* 01-intro-middle-trimmed.caf in Resources */ = {isa = PBXBuildFile; fileRef = C13C776028D8B52200C6C61B /* 01-intro-middle-trimmed.caf */; };
		C13C776228D8B52200C6C61B /* 01-intro-middle-trimmed.caf in Resources */ = {isa = PBXBuildFile; fileRef = C13C776028D8B52200C6C61B /* 01-intro-middle-trimmed.caf */; };
		C1491F6927AD472700A72AEB /* Podcast_Producer.xcdatamodeld in Sources */ = {isa = PBXBuildFile; fileRef = C1491F5627AD472600A72AEB /* Podcast_Producer.xcdatamodeld */; };
		C1491F6A27AD472700A72AEB /* Podcast_Producer.xcdatamodeld in Sources */ = {isa = PBXBuildFile; fileRef = C1491F5627AD472600A72AEB /* Podcast_Producer.xcdatamodeld */; };
		C1491F6B27AD472700A72AEB /* Podcast_ProducerApp.swift in Sources */ = {isa = PBXBuildFile; fileRef = C1491F5827AD472600A72AEB /* Podcast_ProducerApp.swift */; };
		C1491F6C27AD472700A72AEB /* Podcast_ProducerApp.swift in Sources */ = {isa = PBXBuildFile; fileRef = C1491F5827AD472600A72AEB /* Podcast_ProducerApp.swift */; };
		C1491F6D27AD472700A72AEB /* ContentView.swift in Sources */ = {isa = PBXBuildFile; fileRef = C1491F5927AD472600A72AEB /* ContentView.swift */; };
		C1491F6E27AD472700A72AEB /* ContentView.swift in Sources */ = {isa = PBXBuildFile; fileRef = C1491F5927AD472600A72AEB /* ContentView.swift */; };
		C1491F6F27AD472700A72AEB /* Persistence.swift in Sources */ = {isa = PBXBuildFile; fileRef = C1491F5A27AD472600A72AEB /* Persistence.swift */; };
		C1491F7027AD472700A72AEB /* Persistence.swift in Sources */ = {isa = PBXBuildFile; fileRef = C1491F5A27AD472600A72AEB /* Persistence.swift */; };
		C1491F7127AD472700A72AEB /* Assets.xcassets in Resources */ = {isa = PBXBuildFile; fileRef = C1491F5B27AD472700A72AEB /* Assets.xcassets */; };
		C1491F7227AD472700A72AEB /* Assets.xcassets in Resources */ = {isa = PBXBuildFile; fileRef = C1491F5B27AD472700A72AEB /* Assets.xcassets */; };
		C1543A0928A2652200427ED0 /* TestView.swift in Sources */ = {isa = PBXBuildFile; fileRef = C1543A0828A2652200427ED0 /* TestView.swift */; };
		C1543A0A28A2652200427ED0 /* TestView.swift in Sources */ = {isa = PBXBuildFile; fileRef = C1543A0828A2652200427ED0 /* TestView.swift */; };
		C1543A0C28A2A64300427ED0 /* EpisodeViewModel.swift in Sources */ = {isa = PBXBuildFile; fileRef = C1543A0B28A2A64300427ED0 /* EpisodeViewModel.swift */; };
		C1543A0D28A2A64300427ED0 /* EpisodeViewModel.swift in Sources */ = {isa = PBXBuildFile; fileRef = C1543A0B28A2A64300427ED0 /* EpisodeViewModel.swift */; };
		C1543A0F28A2A69C00427ED0 /* Episode.swift in Sources */ = {isa = PBXBuildFile; fileRef = C1543A0E28A2A69C00427ED0 /* Episode.swift */; };
		C1543A1028A2A69C00427ED0 /* Episode.swift in Sources */ = {isa = PBXBuildFile; fileRef = C1543A0E28A2A69C00427ED0 /* Episode.swift */; };
		C1756ABA28A1198D00FE9F2B /* MainEditView.swift in Sources */ = {isa = PBXBuildFile; fileRef = C1756AB928A1198D00FE9F2B /* MainEditView.swift */; };
		C1756ABB28A1198D00FE9F2B /* MainEditView.swift in Sources */ = {isa = PBXBuildFile; fileRef = C1756AB928A1198D00FE9F2B /* MainEditView.swift */; };
		C1756ABD28A13D3700FE9F2B /* StoryEditView.swift in Sources */ = {isa = PBXBuildFile; fileRef = C1756ABC28A13D3700FE9F2B /* StoryEditView.swift */; };
		C1756ABE28A13D3700FE9F2B /* StoryEditView.swift in Sources */ = {isa = PBXBuildFile; fileRef = C1756ABC28A13D3700FE9F2B /* StoryEditView.swift */; };
		C176AB0E28CF7A3B00E2804D /* AudioEpisode.swift in Sources */ = {isa = PBXBuildFile; fileRef = C176AB0D28CF7A3B00E2804D /* AudioEpisode.swift */; };
		C176AB0F28CF7A3B00E2804D /* AudioEpisode.swift in Sources */ = {isa = PBXBuildFile; fileRef = C176AB0D28CF7A3B00E2804D /* AudioEpisode.swift */; };
		C1BA7EBE28AA92270090573B /* AudioRenderView.swift in Sources */ = {isa = PBXBuildFile; fileRef = C1BA7EBD28AA92270090573B /* AudioRenderView.swift */; };
		C1BA7EBF28AA92270090573B /* AudioRenderView.swift in Sources */ = {isa = PBXBuildFile; fileRef = C1BA7EBD28AA92270090573B /* AudioRenderView.swift */; };
		C1BA7EC128AA93280090573B /* AudioManager.swift in Sources */ = {isa = PBXBuildFile; fileRef = C1BA7EC028AA93280090573B /* AudioManager.swift */; };
		C1BA7EC228AA93280090573B /* AudioManager.swift in Sources */ = {isa = PBXBuildFile; fileRef = C1BA7EC028AA93280090573B /* AudioManager.swift */; };
		C1BA7EC828AB82300090573B /* SelmaAPI.swift in Sources */ = {isa = PBXBuildFile; fileRef = C1BA7EC728AB82300090573B /* SelmaAPI.swift */; };
		C1BA7EC928AB82300090573B /* SelmaAPI.swift in Sources */ = {isa = PBXBuildFile; fileRef = C1BA7EC728AB82300090573B /* SelmaAPI.swift */; };
		C1F5602728D4765900E573E2 /* no-audio.m4a in Resources */ = {isa = PBXBuildFile; fileRef = C1F5602628D4765900E573E2 /* no-audio.m4a */; };
		C1F5602828D4765900E573E2 /* no-audio.m4a in Resources */ = {isa = PBXBuildFile; fileRef = C1F5602628D4765900E573E2 /* no-audio.m4a */; };
/* End PBXBuildFile section */

/* Begin PBXFileReference section */
		C11DBB5B28DDCC5E003E426D /* 03-string-trimmed.caf */ = {isa = PBXFileReference; lastKnownFileType = file; path = "03-string-trimmed.caf"; sourceTree = "<group>"; };
		C11DBB5E28DDDB77003E426D /* 09-outro-end-trimmed.caf */ = {isa = PBXFileReference; lastKnownFileType = file; path = "09-outro-end-trimmed.caf"; sourceTree = "<group>"; };
		C11DBB5F28DDDB77003E426D /* 07-outro-start-trimmed.caf */ = {isa = PBXFileReference; lastKnownFileType = file; path = "07-outro-start-trimmed.caf"; sourceTree = "<group>"; };
		C11DBB6728DDDC1F003E426D /* 08-outro-middle-trimmed.caf */ = {isa = PBXFileReference; lastKnownFileType = file; path = "08-outro-middle-trimmed.caf"; sourceTree = "<group>"; };
		C11DBB6A28DDEDA2003E426D /* SelmaVoice.swift */ = {isa = PBXFileReference; lastKnownFileType = sourcecode.swift; path = SelmaVoice.swift; sourceTree = "<group>"; };
		C1262F6D28E3239E00F3C725 /* 2022-09-26-e1.md */ = {isa = PBXFileReference; fileEncoding = 4; lastKnownFileType = net.daringfireball.markdown; path = "2022-09-26-e1.md"; sourceTree = "<group>"; };
		C1262F6E28E3239E00F3C725 /* 2022-09-27-e1.md */ = {isa = PBXFileReference; fileEncoding = 4; lastKnownFileType = net.daringfireball.markdown; path = "2022-09-27-e1.md"; sourceTree = "<group>"; };
		C1262F6F28E3239E00F3C725 /* 2022-09-21-e1.md */ = {isa = PBXFileReference; fileEncoding = 4; lastKnownFileType = net.daringfireball.markdown; path = "2022-09-21-e1.md"; sourceTree = "<group>"; };
		C1262F7028E3239E00F3C725 /* 2022-09-26-e2.md */ = {isa = PBXFileReference; fileEncoding = 4; lastKnownFileType = net.daringfireball.markdown; path = "2022-09-26-e2.md"; sourceTree = "<group>"; };
		C1262F7128E3239E00F3C725 /* 2022-09-22-e2.md */ = {isa = PBXFileReference; fileEncoding = 4; lastKnownFileType = net.daringfireball.markdown; path = "2022-09-22-e2.md"; sourceTree = "<group>"; };
		C1262F7228E3239E00F3C725 /* 2022-09-20-e2.md */ = {isa = PBXFileReference; fileEncoding = 4; lastKnownFileType = net.daringfireball.markdown; path = "2022-09-20-e2.md"; sourceTree = "<group>"; };
		C1262F7328E3239E00F3C725 /* 2022-09-21-e2.md */ = {isa = PBXFileReference; fileEncoding = 4; lastKnownFileType = net.daringfireball.markdown; path = "2022-09-21-e2.md"; sourceTree = "<group>"; };
		C1262F7428E3239E00F3C725 /* 2022-09-19-e1.md */ = {isa = PBXFileReference; fileEncoding = 4; lastKnownFileType = net.daringfireball.markdown; path = "2022-09-19-e1.md"; sourceTree = "<group>"; };
		C1262F7528E3239F00F3C725 /* 2022-09-19-e2.md */ = {isa = PBXFileReference; fileEncoding = 4; lastKnownFileType = net.daringfireball.markdown; path = "2022-09-19-e2.md"; sourceTree = "<group>"; };
		C1262F7628E3239F00F3C725 /* 2022-09-20-e1.md */ = {isa = PBXFileReference; fileEncoding = 4; lastKnownFileType = net.daringfireball.markdown; path = "2022-09-20-e1.md"; sourceTree = "<group>"; };
		C1262F7728E3239F00F3C725 /* 2022-09-22-e1.md */ = {isa = PBXFileReference; fileEncoding = 4; lastKnownFileType = net.daringfireball.markdown; path = "2022-09-22-e1.md"; sourceTree = "<group>"; };
		C1262F8E28E323DF00F3C725 /* ScriptParser.swift */ = {isa = PBXFileReference; lastKnownFileType = sourcecode.swift; path = ScriptParser.swift; sourceTree = "<group>"; };
		C1262F9128E3259F00F3C725 /* ScriptView.swift */ = {isa = PBXFileReference; lastKnownFileType = sourcecode.swift; path = ScriptView.swift; sourceTree = "<group>"; };
		C13A711D28E85B5B00BEE304 /* BuildingBlock.swift */ = {isa = PBXFileReference; lastKnownFileType = sourcecode.swift; path = BuildingBlock.swift; sourceTree = "<group>"; };
		C13C775128D889D900C6C61B /* bip-CAF.caf */ = {isa = PBXFileReference; lastKnownFileType = file; path = "bip-CAF.caf"; sourceTree = "<group>"; };
		C13C775A28D8B42A00C6C61B /* 00-intro-start-trimmed.caf */ = {isa = PBXFileReference; lastKnownFileType = file; path = "00-intro-start-trimmed.caf"; sourceTree = "<group>"; };
		C13C775D28D8B4FF00C6C61B /* 02-intro-end-trimmed.caf */ = {isa = PBXFileReference; lastKnownFileType = file; path = "02-intro-end-trimmed.caf"; sourceTree = "<group>"; };
		C13C776028D8B52200C6C61B /* 01-intro-middle-trimmed.caf */ = {isa = PBXFileReference; lastKnownFileType = file; path = "01-intro-middle-trimmed.caf"; sourceTree = "<group>"; };
		C1491F5727AD472600A72AEB /* Shared.xcdatamodel */ = {isa = PBXFileReference; lastKnownFileType = wrapper.xcdatamodel; path = Shared.xcdatamodel; sourceTree = "<group>"; };
		C1491F5827AD472600A72AEB /* Podcast_ProducerApp.swift */ = {isa = PBXFileReference; lastKnownFileType = sourcecode.swift; path = Podcast_ProducerApp.swift; sourceTree = "<group>"; };
		C1491F5927AD472600A72AEB /* ContentView.swift */ = {isa = PBXFileReference; lastKnownFileType = sourcecode.swift; path = ContentView.swift; sourceTree = "<group>"; };
		C1491F5A27AD472600A72AEB /* Persistence.swift */ = {isa = PBXFileReference; lastKnownFileType = sourcecode.swift; path = Persistence.swift; sourceTree = "<group>"; };
		C1491F5B27AD472700A72AEB /* Assets.xcassets */ = {isa = PBXFileReference; lastKnownFileType = folder.assetcatalog; path = Assets.xcassets; sourceTree = "<group>"; };
		C1491F6027AD472700A72AEB /* Podcast Producer.app */ = {isa = PBXFileReference; explicitFileType = wrapper.application; includeInIndex = 0; path = "Podcast Producer.app"; sourceTree = BUILT_PRODUCTS_DIR; };
		C1491F6627AD472700A72AEB /* Podcast Producer.app */ = {isa = PBXFileReference; explicitFileType = wrapper.application; includeInIndex = 0; path = "Podcast Producer.app"; sourceTree = BUILT_PRODUCTS_DIR; };
		C1491F6827AD472700A72AEB /* macOS.entitlements */ = {isa = PBXFileReference; lastKnownFileType = text.plist.entitlements; path = macOS.entitlements; sourceTree = "<group>"; };
		C1543A0828A2652200427ED0 /* TestView.swift */ = {isa = PBXFileReference; lastKnownFileType = sourcecode.swift; path = TestView.swift; sourceTree = "<group>"; };
		C1543A0B28A2A64300427ED0 /* EpisodeViewModel.swift */ = {isa = PBXFileReference; lastKnownFileType = sourcecode.swift; path = EpisodeViewModel.swift; sourceTree = "<group>"; };
		C1543A0E28A2A69C00427ED0 /* Episode.swift */ = {isa = PBXFileReference; lastKnownFileType = sourcecode.swift; path = Episode.swift; sourceTree = "<group>"; };
		C1756AB928A1198D00FE9F2B /* MainEditView.swift */ = {isa = PBXFileReference; lastKnownFileType = sourcecode.swift; path = MainEditView.swift; sourceTree = "<group>"; };
		C1756ABC28A13D3700FE9F2B /* StoryEditView.swift */ = {isa = PBXFileReference; lastKnownFileType = sourcecode.swift; path = StoryEditView.swift; sourceTree = "<group>"; };
		C176AB0D28CF7A3B00E2804D /* AudioEpisode.swift */ = {isa = PBXFileReference; lastKnownFileType = sourcecode.swift; path = AudioEpisode.swift; sourceTree = "<group>"; };
		C1BA7EBD28AA92270090573B /* AudioRenderView.swift */ = {isa = PBXFileReference; lastKnownFileType = sourcecode.swift; path = AudioRenderView.swift; sourceTree = "<group>"; };
		C1BA7EC028AA93280090573B /* AudioManager.swift */ = {isa = PBXFileReference; lastKnownFileType = sourcecode.swift; path = AudioManager.swift; sourceTree = "<group>"; };
		C1BA7EC728AB82300090573B /* SelmaAPI.swift */ = {isa = PBXFileReference; lastKnownFileType = sourcecode.swift; path = SelmaAPI.swift; sourceTree = "<group>"; };
		C1F5602628D4765900E573E2 /* no-audio.m4a */ = {isa = PBXFileReference; lastKnownFileType = file; path = "no-audio.m4a"; sourceTree = "<group>"; };
/* End PBXFileReference section */

/* Begin PBXFrameworksBuildPhase section */
		C1491F5D27AD472700A72AEB /* Frameworks */ = {
			isa = PBXFrameworksBuildPhase;
			buildActionMask = 2147483647;
			files = (
			);
			runOnlyForDeploymentPostprocessing = 0;
		};
		C1491F6327AD472700A72AEB /* Frameworks */ = {
			isa = PBXFrameworksBuildPhase;
			buildActionMask = 2147483647;
			files = (
			);
			runOnlyForDeploymentPostprocessing = 0;
		};
/* End PBXFrameworksBuildPhase section */

/* Begin PBXGroup section */
		C1262F6C28E3236400F3C725 /* Scripts */ = {
			isa = PBXGroup;
			children = (
				C1262F8E28E323DF00F3C725 /* ScriptParser.swift */,
				C1262F9128E3259F00F3C725 /* ScriptView.swift */,
				C1262F7428E3239E00F3C725 /* 2022-09-19-e1.md */,
				C1262F7528E3239F00F3C725 /* 2022-09-19-e2.md */,
				C1262F7628E3239F00F3C725 /* 2022-09-20-e1.md */,
				C1262F7228E3239E00F3C725 /* 2022-09-20-e2.md */,
				C1262F6F28E3239E00F3C725 /* 2022-09-21-e1.md */,
				C1262F7328E3239E00F3C725 /* 2022-09-21-e2.md */,
				C1262F7728E3239F00F3C725 /* 2022-09-22-e1.md */,
				C1262F7128E3239E00F3C725 /* 2022-09-22-e2.md */,
				C1262F6D28E3239E00F3C725 /* 2022-09-26-e1.md */,
				C1262F7028E3239E00F3C725 /* 2022-09-26-e2.md */,
				C1262F6E28E3239E00F3C725 /* 2022-09-27-e1.md */,
			);
			path = Scripts;
			sourceTree = "<group>";
		};
		C1491F5027AD472500A72AEB = {
			isa = PBXGroup;
			children = (
				C1491F5527AD472600A72AEB /* Shared */,
				C1491F6727AD472700A72AEB /* macOS */,
				C1491F6127AD472700A72AEB /* Products */,
			);
			sourceTree = "<group>";
		};
		C1491F5527AD472600A72AEB /* Shared */ = {
			isa = PBXGroup;
			children = (
				C1491F5827AD472600A72AEB /* Podcast_ProducerApp.swift */,
				C1543A0E28A2A69C00427ED0 /* Episode.swift */,
				C13A711D28E85B5B00BEE304 /* BuildingBlock.swift */,
				C1543A0B28A2A64300427ED0 /* EpisodeViewModel.swift */,
				C1491F5927AD472600A72AEB /* ContentView.swift */,
				C1756AB928A1198D00FE9F2B /* MainEditView.swift */,
				C1756ABC28A13D3700FE9F2B /* StoryEditView.swift */,
				C1BA7EC628AA9E510090573B /* Selma */,
				C189696228B371E1005108E7 /* Audio */,
				C1262F6C28E3236400F3C725 /* Scripts */,
				C158EDFD28AA32B9002EFF7B /* Episode Data */,
				C1543A0828A2652200427ED0 /* TestView.swift */,
				C1491F5B27AD472700A72AEB /* Assets.xcassets */,
				C1491F5627AD472600A72AEB /* Podcast_Producer.xcdatamodeld */,
			);
			path = Shared;
			sourceTree = "<group>";
		};
		C1491F6127AD472700A72AEB /* Products */ = {
			isa = PBXGroup;
			children = (
				C1491F6027AD472700A72AEB /* Podcast Producer.app */,
				C1491F6627AD472700A72AEB /* Podcast Producer.app */,
			);
			name = Products;
			sourceTree = "<group>";
		};
		C1491F6727AD472700A72AEB /* macOS */ = {
			isa = PBXGroup;
			children = (
				C1491F6827AD472700A72AEB /* macOS.entitlements */,
			);
			path = macOS;
			sourceTree = "<group>";
		};
		C158EDFD28AA32B9002EFF7B /* Episode Data */ = {
			isa = PBXGroup;
			children = (
				C1491F5A27AD472600A72AEB /* Persistence.swift */,
			);
			path = "Episode Data";
			sourceTree = "<group>";
		};
		C189696228B371E1005108E7 /* Audio */ = {
			isa = PBXGroup;
			children = (
				C13C775A28D8B42A00C6C61B /* 00-intro-start-trimmed.caf */,
				C13C776028D8B52200C6C61B /* 01-intro-middle-trimmed.caf */,
				C13C775D28D8B4FF00C6C61B /* 02-intro-end-trimmed.caf */,
				C11DBB5B28DDCC5E003E426D /* 03-string-trimmed.caf */,
				C11DBB5F28DDDB77003E426D /* 07-outro-start-trimmed.caf */,
				C11DBB6728DDDC1F003E426D /* 08-outro-middle-trimmed.caf */,
				C11DBB5E28DDDB77003E426D /* 09-outro-end-trimmed.caf */,
				C13C775128D889D900C6C61B /* bip-CAF.caf */,
				C1F5602628D4765900E573E2 /* no-audio.m4a */,
			);
			path = Audio;
			sourceTree = "<group>";
		};
		C1BA7EC628AA9E510090573B /* Selma */ = {
			isa = PBXGroup;
			children = (
				C1BA7EBD28AA92270090573B /* AudioRenderView.swift */,
				C11DBB6A28DDEDA2003E426D /* SelmaVoice.swift */,
				C1BA7EC028AA93280090573B /* AudioManager.swift */,
				C176AB0D28CF7A3B00E2804D /* AudioEpisode.swift */,
				C1BA7EC728AB82300090573B /* SelmaAPI.swift */,
			);
			path = Selma;
			sourceTree = "<group>";
		};
/* End PBXGroup section */

/* Begin PBXNativeTarget section */
		C1491F5F27AD472700A72AEB /* Podcast Producer (iOS) */ = {
			isa = PBXNativeTarget;
			buildConfigurationList = C1491F7527AD472700A72AEB /* Build configuration list for PBXNativeTarget "Podcast Producer (iOS)" */;
			buildPhases = (
				C1491F5C27AD472700A72AEB /* Sources */,
				C1491F5D27AD472700A72AEB /* Frameworks */,
				C1491F5E27AD472700A72AEB /* Resources */,
			);
			buildRules = (
			);
			dependencies = (
			);
			name = "Podcast Producer (iOS)";
			productName = "Podcast Producer (iOS)";
			productReference = C1491F6027AD472700A72AEB /* Podcast Producer.app */;
			productType = "com.apple.product-type.application";
		};
		C1491F6527AD472700A72AEB /* Podcast Producer (macOS) */ = {
			isa = PBXNativeTarget;
			buildConfigurationList = C1491F7827AD472700A72AEB /* Build configuration list for PBXNativeTarget "Podcast Producer (macOS)" */;
			buildPhases = (
				C1491F6227AD472700A72AEB /* Sources */,
				C1491F6327AD472700A72AEB /* Frameworks */,
				C1491F6427AD472700A72AEB /* Resources */,
			);
			buildRules = (
			);
			dependencies = (
			);
			name = "Podcast Producer (macOS)";
			productName = "Podcast Producer (macOS)";
			productReference = C1491F6627AD472700A72AEB /* Podcast Producer.app */;
			productType = "com.apple.product-type.application";
		};
/* End PBXNativeTarget section */

/* Begin PBXProject section */
		C1491F5127AD472500A72AEB /* Project object */ = {
			isa = PBXProject;
			attributes = {
				BuildIndependentTargetsInParallel = 1;
				LastSwiftUpdateCheck = 1320;
				LastUpgradeCheck = 1400;
				TargetAttributes = {
					C1491F5F27AD472700A72AEB = {
						CreatedOnToolsVersion = 13.2.1;
					};
					C1491F6527AD472700A72AEB = {
						CreatedOnToolsVersion = 13.2.1;
					};
				};
			};
			buildConfigurationList = C1491F5427AD472500A72AEB /* Build configuration list for PBXProject "Podcast Producer" */;
			compatibilityVersion = "Xcode 13.0";
			developmentRegion = en;
			hasScannedForEncodings = 0;
			knownRegions = (
				en,
				Base,
			);
			mainGroup = C1491F5027AD472500A72AEB;
			productRefGroup = C1491F6127AD472700A72AEB /* Products */;
			projectDirPath = "";
			projectRoot = "";
			targets = (
				C1491F5F27AD472700A72AEB /* Podcast Producer (iOS) */,
				C1491F6527AD472700A72AEB /* Podcast Producer (macOS) */,
			);
		};
/* End PBXProject section */

/* Begin PBXResourcesBuildPhase section */
		C1491F5E27AD472700A72AEB /* Resources */ = {
			isa = PBXResourcesBuildPhase;
			buildActionMask = 2147483647;
			files = (
				C11DBB5C28DDCC5E003E426D /* 03-string-trimmed.caf in Resources */,
				C13C775B28D8B42A00C6C61B /* 00-intro-start-trimmed.caf in Resources */,
				C1262F7C28E3239F00F3C725 /* 2022-09-21-e1.md in Resources */,
				C1262F7828E3239F00F3C725 /* 2022-09-26-e1.md in Resources */,
				C11DBB6328DDDB77003E426D /* 07-outro-start-trimmed.caf in Resources */,
				C1262F7A28E3239F00F3C725 /* 2022-09-27-e1.md in Resources */,
				C1F5602728D4765900E573E2 /* no-audio.m4a in Resources */,
				C11DBB6828DDDC1F003E426D /* 08-outro-middle-trimmed.caf in Resources */,
				C1262F8428E3239F00F3C725 /* 2022-09-21-e2.md in Resources */,
				C1262F8028E3239F00F3C725 /* 2022-09-22-e2.md in Resources */,
				C1262F7E28E3239F00F3C725 /* 2022-09-26-e2.md in Resources */,
				C1491F7127AD472700A72AEB /* Assets.xcassets in Resources */,
				C13C776128D8B52200C6C61B /* 01-intro-middle-trimmed.caf in Resources */,
				C13C775E28D8B4FF00C6C61B /* 02-intro-end-trimmed.caf in Resources */,
				C11DBB6128DDDB77003E426D /* 09-outro-end-trimmed.caf in Resources */,
				C1262F8828E3239F00F3C725 /* 2022-09-19-e2.md in Resources */,
				C1262F8C28E3239F00F3C725 /* 2022-09-22-e1.md in Resources */,
				C1262F8228E3239F00F3C725 /* 2022-09-20-e2.md in Resources */,
				C1262F8A28E3239F00F3C725 /* 2022-09-20-e1.md in Resources */,
				C13C775228D889D900C6C61B /* bip-CAF.caf in Resources */,
				C1262F8628E3239F00F3C725 /* 2022-09-19-e1.md in Resources */,
			);
			runOnlyForDeploymentPostprocessing = 0;
		};
		C1491F6427AD472700A72AEB /* Resources */ = {
			isa = PBXResourcesBuildPhase;
			buildActionMask = 2147483647;
			files = (
				C11DBB5D28DDCC5E003E426D /* 03-string-trimmed.caf in Resources */,
				C13C775C28D8B42A00C6C61B /* 00-intro-start-trimmed.caf in Resources */,
				C1262F7D28E3239F00F3C725 /* 2022-09-21-e1.md in Resources */,
				C1262F7928E3239F00F3C725 /* 2022-09-26-e1.md in Resources */,
				C11DBB6428DDDB77003E426D /* 07-outro-start-trimmed.caf in Resources */,
				C1262F7B28E3239F00F3C725 /* 2022-09-27-e1.md in Resources */,
				C1F5602828D4765900E573E2 /* no-audio.m4a in Resources */,
				C11DBB6928DDDC1F003E426D /* 08-outro-middle-trimmed.caf in Resources */,
				C1262F8528E3239F00F3C725 /* 2022-09-21-e2.md in Resources */,
				C1262F8128E3239F00F3C725 /* 2022-09-22-e2.md in Resources */,
				C1262F7F28E3239F00F3C725 /* 2022-09-26-e2.md in Resources */,
				C1491F7227AD472700A72AEB /* Assets.xcassets in Resources */,
				C13C776228D8B52200C6C61B /* 01-intro-middle-trimmed.caf in Resources */,
				C13C775F28D8B4FF00C6C61B /* 02-intro-end-trimmed.caf in Resources */,
				C11DBB6228DDDB77003E426D /* 09-outro-end-trimmed.caf in Resources */,
				C1262F8928E3239F00F3C725 /* 2022-09-19-e2.md in Resources */,
				C1262F8D28E3239F00F3C725 /* 2022-09-22-e1.md in Resources */,
				C1262F8328E3239F00F3C725 /* 2022-09-20-e2.md in Resources */,
				C1262F8B28E3239F00F3C725 /* 2022-09-20-e1.md in Resources */,
				C13C775328D889D900C6C61B /* bip-CAF.caf in Resources */,
				C1262F8728E3239F00F3C725 /* 2022-09-19-e1.md in Resources */,
			);
			runOnlyForDeploymentPostprocessing = 0;
		};
/* End PBXResourcesBuildPhase section */

/* Begin PBXSourcesBuildPhase section */
		C1491F5C27AD472700A72AEB /* Sources */ = {
			isa = PBXSourcesBuildPhase;
			buildActionMask = 2147483647;
			files = (
				C1262F9228E3259F00F3C725 /* ScriptView.swift in Sources */,
				C1543A0928A2652200427ED0 /* TestView.swift in Sources */,
				C1756ABD28A13D3700FE9F2B /* StoryEditView.swift in Sources */,
				C13A711E28E85B5B00BEE304 /* BuildingBlock.swift in Sources */,
				C1BA7EBE28AA92270090573B /* AudioRenderView.swift in Sources */,
				C1491F6B27AD472700A72AEB /* Podcast_ProducerApp.swift in Sources */,
				C176AB0E28CF7A3B00E2804D /* AudioEpisode.swift in Sources */,
				C1491F6F27AD472700A72AEB /* Persistence.swift in Sources */,
				C1756ABA28A1198D00FE9F2B /* MainEditView.swift in Sources */,
				C1491F6927AD472700A72AEB /* Podcast_Producer.xcdatamodeld in Sources */,
				C1543A0C28A2A64300427ED0 /* EpisodeViewModel.swift in Sources */,
				C1543A0F28A2A69C00427ED0 /* Episode.swift in Sources */,
				C1BA7EC128AA93280090573B /* AudioManager.swift in Sources */,
				C1491F6D27AD472700A72AEB /* ContentView.swift in Sources */,
				C1BA7EC828AB82300090573B /* SelmaAPI.swift in Sources */,
				C11DBB6B28DDEDA2003E426D /* SelmaVoice.swift in Sources */,
				C1262F8F28E323DF00F3C725 /* ScriptParser.swift in Sources */,
			);
			runOnlyForDeploymentPostprocessing = 0;
		};
		C1491F6227AD472700A72AEB /* Sources */ = {
			isa = PBXSourcesBuildPhase;
			buildActionMask = 2147483647;
			files = (
				C1262F9328E3259F00F3C725 /* ScriptView.swift in Sources */,
				C1543A0A28A2652200427ED0 /* TestView.swift in Sources */,
				C1756ABE28A13D3700FE9F2B /* StoryEditView.swift in Sources */,
				C13A711F28E85B5B00BEE304 /* BuildingBlock.swift in Sources */,
				C1BA7EBF28AA92270090573B /* AudioRenderView.swift in Sources */,
				C1491F6C27AD472700A72AEB /* Podcast_ProducerApp.swift in Sources */,
				C176AB0F28CF7A3B00E2804D /* AudioEpisode.swift in Sources */,
				C1491F7027AD472700A72AEB /* Persistence.swift in Sources */,
				C1756ABB28A1198D00FE9F2B /* MainEditView.swift in Sources */,
				C1491F6A27AD472700A72AEB /* Podcast_Producer.xcdatamodeld in Sources */,
				C1543A0D28A2A64300427ED0 /* EpisodeViewModel.swift in Sources */,
				C1543A1028A2A69C00427ED0 /* Episode.swift in Sources */,
				C1BA7EC228AA93280090573B /* AudioManager.swift in Sources */,
				C1491F6E27AD472700A72AEB /* ContentView.swift in Sources */,
				C1BA7EC928AB82300090573B /* SelmaAPI.swift in Sources */,
				C11DBB6C28DDEDA2003E426D /* SelmaVoice.swift in Sources */,
				C1262F9028E323DF00F3C725 /* ScriptParser.swift in Sources */,
			);
			runOnlyForDeploymentPostprocessing = 0;
		};
/* End PBXSourcesBuildPhase section */

/* Begin XCBuildConfiguration section */
		C1491F7327AD472700A72AEB /* Debug */ = {
			isa = XCBuildConfiguration;
			buildSettings = {
				ALWAYS_SEARCH_USER_PATHS = NO;
				CLANG_ANALYZER_NONNULL = YES;
				CLANG_ANALYZER_NUMBER_OBJECT_CONVERSION = YES_AGGRESSIVE;
				CLANG_CXX_LANGUAGE_STANDARD = "gnu++17";
				CLANG_CXX_LIBRARY = "libc++";
				CLANG_ENABLE_MODULES = YES;
				CLANG_ENABLE_OBJC_ARC = YES;
				CLANG_ENABLE_OBJC_WEAK = YES;
				CLANG_WARN_BLOCK_CAPTURE_AUTORELEASING = YES;
				CLANG_WARN_BOOL_CONVERSION = YES;
				CLANG_WARN_COMMA = YES;
				CLANG_WARN_CONSTANT_CONVERSION = YES;
				CLANG_WARN_DEPRECATED_OBJC_IMPLEMENTATIONS = YES;
				CLANG_WARN_DIRECT_OBJC_ISA_USAGE = YES_ERROR;
				CLANG_WARN_DOCUMENTATION_COMMENTS = YES;
				CLANG_WARN_EMPTY_BODY = YES;
				CLANG_WARN_ENUM_CONVERSION = YES;
				CLANG_WARN_INFINITE_RECURSION = YES;
				CLANG_WARN_INT_CONVERSION = YES;
				CLANG_WARN_NON_LITERAL_NULL_CONVERSION = YES;
				CLANG_WARN_OBJC_IMPLICIT_RETAIN_SELF = YES;
				CLANG_WARN_OBJC_LITERAL_CONVERSION = YES;
				CLANG_WARN_OBJC_ROOT_CLASS = YES_ERROR;
				CLANG_WARN_QUOTED_INCLUDE_IN_FRAMEWORK_HEADER = YES;
				CLANG_WARN_RANGE_LOOP_ANALYSIS = YES;
				CLANG_WARN_STRICT_PROTOTYPES = YES;
				CLANG_WARN_SUSPICIOUS_MOVE = YES;
				CLANG_WARN_UNGUARDED_AVAILABILITY = YES_AGGRESSIVE;
				CLANG_WARN_UNREACHABLE_CODE = YES;
				CLANG_WARN__DUPLICATE_METHOD_MATCH = YES;
				COPY_PHASE_STRIP = NO;
				DEAD_CODE_STRIPPING = YES;
				DEBUG_INFORMATION_FORMAT = dwarf;
				ENABLE_STRICT_OBJC_MSGSEND = YES;
				ENABLE_TESTABILITY = YES;
				GCC_C_LANGUAGE_STANDARD = gnu11;
				GCC_DYNAMIC_NO_PIC = NO;
				GCC_NO_COMMON_BLOCKS = YES;
				GCC_OPTIMIZATION_LEVEL = 0;
				GCC_PREPROCESSOR_DEFINITIONS = (
					"DEBUG=1",
					"$(inherited)",
				);
				GCC_WARN_64_TO_32_BIT_CONVERSION = YES;
				GCC_WARN_ABOUT_RETURN_TYPE = YES_ERROR;
				GCC_WARN_UNDECLARED_SELECTOR = YES;
				GCC_WARN_UNINITIALIZED_AUTOS = YES_AGGRESSIVE;
				GCC_WARN_UNUSED_FUNCTION = YES;
				GCC_WARN_UNUSED_VARIABLE = YES;
				MTL_ENABLE_DEBUG_INFO = INCLUDE_SOURCE;
				MTL_FAST_MATH = YES;
				ONLY_ACTIVE_ARCH = YES;
				SWIFT_ACTIVE_COMPILATION_CONDITIONS = DEBUG;
				SWIFT_OPTIMIZATION_LEVEL = "-Onone";
			};
			name = Debug;
		};
		C1491F7427AD472700A72AEB /* Release */ = {
			isa = XCBuildConfiguration;
			buildSettings = {
				ALWAYS_SEARCH_USER_PATHS = NO;
				CLANG_ANALYZER_NONNULL = YES;
				CLANG_ANALYZER_NUMBER_OBJECT_CONVERSION = YES_AGGRESSIVE;
				CLANG_CXX_LANGUAGE_STANDARD = "gnu++17";
				CLANG_CXX_LIBRARY = "libc++";
				CLANG_ENABLE_MODULES = YES;
				CLANG_ENABLE_OBJC_ARC = YES;
				CLANG_ENABLE_OBJC_WEAK = YES;
				CLANG_WARN_BLOCK_CAPTURE_AUTORELEASING = YES;
				CLANG_WARN_BOOL_CONVERSION = YES;
				CLANG_WARN_COMMA = YES;
				CLANG_WARN_CONSTANT_CONVERSION = YES;
				CLANG_WARN_DEPRECATED_OBJC_IMPLEMENTATIONS = YES;
				CLANG_WARN_DIRECT_OBJC_ISA_USAGE = YES_ERROR;
				CLANG_WARN_DOCUMENTATION_COMMENTS = YES;
				CLANG_WARN_EMPTY_BODY = YES;
				CLANG_WARN_ENUM_CONVERSION = YES;
				CLANG_WARN_INFINITE_RECURSION = YES;
				CLANG_WARN_INT_CONVERSION = YES;
				CLANG_WARN_NON_LITERAL_NULL_CONVERSION = YES;
				CLANG_WARN_OBJC_IMPLICIT_RETAIN_SELF = YES;
				CLANG_WARN_OBJC_LITERAL_CONVERSION = YES;
				CLANG_WARN_OBJC_ROOT_CLASS = YES_ERROR;
				CLANG_WARN_QUOTED_INCLUDE_IN_FRAMEWORK_HEADER = YES;
				CLANG_WARN_RANGE_LOOP_ANALYSIS = YES;
				CLANG_WARN_STRICT_PROTOTYPES = YES;
				CLANG_WARN_SUSPICIOUS_MOVE = YES;
				CLANG_WARN_UNGUARDED_AVAILABILITY = YES_AGGRESSIVE;
				CLANG_WARN_UNREACHABLE_CODE = YES;
				CLANG_WARN__DUPLICATE_METHOD_MATCH = YES;
				COPY_PHASE_STRIP = NO;
				DEAD_CODE_STRIPPING = YES;
				DEBUG_INFORMATION_FORMAT = "dwarf-with-dsym";
				ENABLE_NS_ASSERTIONS = NO;
				ENABLE_STRICT_OBJC_MSGSEND = YES;
				GCC_C_LANGUAGE_STANDARD = gnu11;
				GCC_NO_COMMON_BLOCKS = YES;
				GCC_WARN_64_TO_32_BIT_CONVERSION = YES;
				GCC_WARN_ABOUT_RETURN_TYPE = YES_ERROR;
				GCC_WARN_UNDECLARED_SELECTOR = YES;
				GCC_WARN_UNINITIALIZED_AUTOS = YES_AGGRESSIVE;
				GCC_WARN_UNUSED_FUNCTION = YES;
				GCC_WARN_UNUSED_VARIABLE = YES;
				MTL_ENABLE_DEBUG_INFO = NO;
				MTL_FAST_MATH = YES;
				SWIFT_COMPILATION_MODE = wholemodule;
				SWIFT_OPTIMIZATION_LEVEL = "-O";
			};
			name = Release;
		};
		C1491F7627AD472700A72AEB /* Debug */ = {
			isa = XCBuildConfiguration;
			buildSettings = {
				ASSETCATALOG_COMPILER_APPICON_NAME = AppIcon;
				ASSETCATALOG_COMPILER_GLOBAL_ACCENT_COLOR_NAME = AccentColor;
				CODE_SIGN_STYLE = Automatic;
				CURRENT_PROJECT_VERSION = 1;
				DEVELOPMENT_TEAM = 82DH72DY44;
				ENABLE_PREVIEWS = YES;
				GENERATE_INFOPLIST_FILE = YES;
				INFOPLIST_KEY_UIApplicationSceneManifest_Generation = YES;
				INFOPLIST_KEY_UIApplicationSupportsIndirectInputEvents = YES;
				INFOPLIST_KEY_UILaunchScreen_Generation = YES;
				INFOPLIST_KEY_UISupportedInterfaceOrientations = "UIInterfaceOrientationLandscapeLeft UIInterfaceOrientationLandscapeRight UIInterfaceOrientationPortrait";
				INFOPLIST_KEY_UISupportedInterfaceOrientations_iPad = "UIInterfaceOrientationLandscapeLeft UIInterfaceOrientationLandscapeRight UIInterfaceOrientationPortrait UIInterfaceOrientationPortraitUpsideDown";
				IPHONEOS_DEPLOYMENT_TARGET = 16.0;
				LD_RUNPATH_SEARCH_PATHS = (
					"$(inherited)",
					"@executable_path/Frameworks",
				);
				MARKETING_VERSION = 1.0;
				PRODUCT_BUNDLE_IDENTIFIER = "com.artisticengines.Podcast-Producer";
				PRODUCT_NAME = "Podcast Producer";
				SDKROOT = iphoneos;
				SWIFT_EMIT_LOC_STRINGS = YES;
				SWIFT_VERSION = 5.0;
				TARGETED_DEVICE_FAMILY = "1,2";
			};
			name = Debug;
		};
		C1491F7727AD472700A72AEB /* Release */ = {
			isa = XCBuildConfiguration;
			buildSettings = {
				ASSETCATALOG_COMPILER_APPICON_NAME = AppIcon;
				ASSETCATALOG_COMPILER_GLOBAL_ACCENT_COLOR_NAME = AccentColor;
				CODE_SIGN_STYLE = Automatic;
				CURRENT_PROJECT_VERSION = 1;
				DEVELOPMENT_TEAM = 82DH72DY44;
				ENABLE_PREVIEWS = YES;
				GENERATE_INFOPLIST_FILE = YES;
				INFOPLIST_KEY_UIApplicationSceneManifest_Generation = YES;
				INFOPLIST_KEY_UIApplicationSupportsIndirectInputEvents = YES;
				INFOPLIST_KEY_UILaunchScreen_Generation = YES;
				INFOPLIST_KEY_UISupportedInterfaceOrientations = "UIInterfaceOrientationLandscapeLeft UIInterfaceOrientationLandscapeRight UIInterfaceOrientationPortrait";
				INFOPLIST_KEY_UISupportedInterfaceOrientations_iPad = "UIInterfaceOrientationLandscapeLeft UIInterfaceOrientationLandscapeRight UIInterfaceOrientationPortrait UIInterfaceOrientationPortraitUpsideDown";
				IPHONEOS_DEPLOYMENT_TARGET = 16.0;
				LD_RUNPATH_SEARCH_PATHS = (
					"$(inherited)",
					"@executable_path/Frameworks",
				);
				MARKETING_VERSION = 1.0;
				PRODUCT_BUNDLE_IDENTIFIER = "com.artisticengines.Podcast-Producer";
				PRODUCT_NAME = "Podcast Producer";
				SDKROOT = iphoneos;
				SWIFT_EMIT_LOC_STRINGS = YES;
				SWIFT_VERSION = 5.0;
				TARGETED_DEVICE_FAMILY = "1,2";
				VALIDATE_PRODUCT = YES;
			};
			name = Release;
		};
		C1491F7927AD472700A72AEB /* Debug */ = {
			isa = XCBuildConfiguration;
			buildSettings = {
				ASSETCATALOG_COMPILER_APPICON_NAME = AppIcon;
				ASSETCATALOG_COMPILER_GLOBAL_ACCENT_COLOR_NAME = AccentColor;
				CODE_SIGN_ENTITLEMENTS = macOS/macOS.entitlements;
				CODE_SIGN_IDENTITY = "-";
				"CODE_SIGN_IDENTITY[sdk=macosx*]" = "-";
				CODE_SIGN_STYLE = Automatic;
				COMBINE_HIDPI_IMAGES = YES;
				CURRENT_PROJECT_VERSION = 1;
				DEAD_CODE_STRIPPING = YES;
				DEVELOPMENT_TEAM = 82DH72DY44;
				ENABLE_HARDENED_RUNTIME = YES;
				ENABLE_PREVIEWS = YES;
				GENERATE_INFOPLIST_FILE = YES;
				INFOPLIST_KEY_NSHumanReadableCopyright = "";
				LD_RUNPATH_SEARCH_PATHS = (
					"$(inherited)",
					"@executable_path/../Frameworks",
				);
				MACOSX_DEPLOYMENT_TARGET = 13.0;
				MARKETING_VERSION = 1.0;
				PRODUCT_BUNDLE_IDENTIFIER = "com.artisticengines.Podcast-Producer";
				PRODUCT_NAME = "Podcast Producer";
				SDKROOT = macosx;
				SWIFT_EMIT_LOC_STRINGS = YES;
				SWIFT_VERSION = 5.0;
			};
			name = Debug;
		};
		C1491F7A27AD472700A72AEB /* Release */ = {
			isa = XCBuildConfiguration;
			buildSettings = {
				ASSETCATALOG_COMPILER_APPICON_NAME = AppIcon;
				ASSETCATALOG_COMPILER_GLOBAL_ACCENT_COLOR_NAME = AccentColor;
				CODE_SIGN_ENTITLEMENTS = macOS/macOS.entitlements;
				CODE_SIGN_IDENTITY = "-";
				"CODE_SIGN_IDENTITY[sdk=macosx*]" = "-";
				CODE_SIGN_STYLE = Automatic;
				COMBINE_HIDPI_IMAGES = YES;
				CURRENT_PROJECT_VERSION = 1;
				DEAD_CODE_STRIPPING = YES;
				DEVELOPMENT_TEAM = 82DH72DY44;
				ENABLE_HARDENED_RUNTIME = YES;
				ENABLE_PREVIEWS = YES;
				GENERATE_INFOPLIST_FILE = YES;
				INFOPLIST_KEY_NSHumanReadableCopyright = "";
				LD_RUNPATH_SEARCH_PATHS = (
					"$(inherited)",
					"@executable_path/../Frameworks",
				);
				MACOSX_DEPLOYMENT_TARGET = 13.0;
				MARKETING_VERSION = 1.0;
				PRODUCT_BUNDLE_IDENTIFIER = "com.artisticengines.Podcast-Producer";
				PRODUCT_NAME = "Podcast Producer";
				SDKROOT = macosx;
				SWIFT_EMIT_LOC_STRINGS = YES;
				SWIFT_VERSION = 5.0;
			};
			name = Release;
		};
/* End XCBuildConfiguration section */

/* Begin XCConfigurationList section */
		C1491F5427AD472500A72AEB /* Build configuration list for PBXProject "Podcast Producer" */ = {
			isa = XCConfigurationList;
			buildConfigurations = (
				C1491F7327AD472700A72AEB /* Debug */,
				C1491F7427AD472700A72AEB /* Release */,
			);
			defaultConfigurationIsVisible = 0;
			defaultConfigurationName = Release;
		};
		C1491F7527AD472700A72AEB /* Build configuration list for PBXNativeTarget "Podcast Producer (iOS)" */ = {
			isa = XCConfigurationList;
			buildConfigurations = (
				C1491F7627AD472700A72AEB /* Debug */,
				C1491F7727AD472700A72AEB /* Release */,
			);
			defaultConfigurationIsVisible = 0;
			defaultConfigurationName = Release;
		};
		C1491F7827AD472700A72AEB /* Build configuration list for PBXNativeTarget "Podcast Producer (macOS)" */ = {
			isa = XCConfigurationList;
			buildConfigurations = (
				C1491F7927AD472700A72AEB /* Debug */,
				C1491F7A27AD472700A72AEB /* Release */,
			);
			defaultConfigurationIsVisible = 0;
			defaultConfigurationName = Release;
		};
/* End XCConfigurationList section */

/* Begin XCVersionGroup section */
		C1491F5627AD472600A72AEB /* Podcast_Producer.xcdatamodeld */ = {
			isa = XCVersionGroup;
			children = (
				C1491F5727AD472600A72AEB /* Shared.xcdatamodel */,
			);
			currentVersion = C1491F5727AD472600A72AEB /* Shared.xcdatamodel */;
			path = Podcast_Producer.xcdatamodeld;
			sourceTree = "<group>";
			versionGroupType = wrapper.xcdatamodel;
		};
/* End XCVersionGroup section */
	};
	rootObject = C1491F5127AD472500A72AEB /* Project object */;
}
