// !$*UTF8*$!
{
	archiveVersion = 1;
	classes = {
	};
	objectVersion = 55;
	objects = {

/* Begin PBXBuildFile section */
		C1491F6927AD472700A72AEB /* Podcast_Producer.xcdatamodeld in Sources */ = {isa = PBXBuildFile; fileRef = C1491F5627AD472600A72AEB /* Podcast_Producer.xcdatamodeld */; };
		C1491F6A27AD472700A72AEB /* Podcast_Producer.xcdatamodeld in Sources */ = {isa = PBXBuildFile; fileRef = C1491F5627AD472600A72AEB /* Podcast_Producer.xcdatamodeld */; };
		C1491F6B27AD472700A72AEB /* Podcast_ProducerApp.swift in Sources */ = {isa = PBXBuildFile; fileRef = C1491F5827AD472600A72AEB /* Podcast_ProducerApp.swift */; };
		C1491F6C27AD472700A72AEB /* Podcast_ProducerApp.swift in Sources */ = {isa = PBXBuildFile; fileRef = C1491F5827AD472600A72AEB /* Podcast_ProducerApp.swift */; };
		C1491F6D27AD472700A72AEB /* ContentView.swift in Sources */ = {isa = PBXBuildFile; fileRef = C1491F5927AD472600A72AEB /* ContentView.swift */; };
		C1491F6E27AD472700A72AEB /* ContentView.swift in Sources */ = {isa = PBXBuildFile; fileRef = C1491F5927AD472600A72AEB /* ContentView.swift */; };
		C1491F6F27AD472700A72AEB /* Persistence.swift in Sources */ = {isa = PBXBuildFile; fileRef = C1491F5A27AD472600A72AEB /* Persistence.swift */; };
		C1491F7027AD472700A72AEB /* Persistence.swift in Sources */ = {isa = PBXBuildFile; fileRef = C1491F5A27AD472600A72AEB /* Persistence.swift */; };
		C1491F7127AD472700A72AEB /* Assets.xcassets in Resources */ = {isa = PBXBuildFile; fileRef = C1491F5B27AD472700A72AEB /* Assets.xcassets */; };
		C1491F7227AD472700A72AEB /* Assets.xcassets in Resources */ = {isa = PBXBuildFile; fileRef = C1491F5B27AD472700A72AEB /* Assets.xcassets */; };
/* End PBXBuildFile section */

/* Begin PBXFileReference section */
		C1491F5727AD472600A72AEB /* Shared.xcdatamodel */ = {isa = PBXFileReference; lastKnownFileType = wrapper.xcdatamodel; path = Shared.xcdatamodel; sourceTree = "<group>"; };
		C1491F5827AD472600A72AEB /* Podcast_ProducerApp.swift */ = {isa = PBXFileReference; lastKnownFileType = sourcecode.swift; path = Podcast_ProducerApp.swift; sourceTree = "<group>"; };
		C1491F5927AD472600A72AEB /* ContentView.swift */ = {isa = PBXFileReference; lastKnownFileType = sourcecode.swift; path = ContentView.swift; sourceTree = "<group>"; };
		C1491F5A27AD472600A72AEB /* Persistence.swift */ = {isa = PBXFileReference; lastKnownFileType = sourcecode.swift; path = Persistence.swift; sourceTree = "<group>"; };
		C1491F5B27AD472700A72AEB /* Assets.xcassets */ = {isa = PBXFileReference; lastKnownFileType = folder.assetcatalog; path = Assets.xcassets; sourceTree = "<group>"; };
		C1491F6027AD472700A72AEB /* Podcast Producer.app */ = {isa = PBXFileReference; explicitFileType = wrapper.application; includeInIndex = 0; path = "Podcast Producer.app"; sourceTree = BUILT_PRODUCTS_DIR; };
		C1491F6627AD472700A72AEB /* Podcast Producer.app */ = {isa = PBXFileReference; explicitFileType = wrapper.application; includeInIndex = 0; path = "Podcast Producer.app"; sourceTree = BUILT_PRODUCTS_DIR; };
		C1491F6827AD472700A72AEB /* macOS.entitlements */ = {isa = PBXFileReference; lastKnownFileType = text.plist.entitlements; path = macOS.entitlements; sourceTree = "<group>"; };
/* End PBXFileReference section */

/* Begin PBXFrameworksBuildPhase section */
		C1491F5D27AD472700A72AEB /* Frameworks */ = {
			isa = PBXFrameworksBuildPhase;
			buildActionMask = 2147483647;
			files = (
			);
			runOnlyForDeploymentPostprocessing = 0;
		};
		C1491F6327AD472700A72AEB /* Frameworks */ = {
			isa = PBXFrameworksBuildPhase;
			buildActionMask = 2147483647;
			files = (
			);
			runOnlyForDeploymentPostprocessing = 0;
		};
/* End PBXFrameworksBuildPhase section */

/* Begin PBXGroup section */
		C1491F5027AD472500A72AEB = {
			isa = PBXGroup;
			children = (
				C1491F5527AD472600A72AEB /* Shared */,
				C1491F6727AD472700A72AEB /* macOS */,
				C1491F6127AD472700A72AEB /* Products */,
			);
			sourceTree = "<group>";
		};
		C1491F5527AD472600A72AEB /* Shared */ = {
			isa = PBXGroup;
			children = (
				C1491F5827AD472600A72AEB /* Podcast_ProducerApp.swift */,
				C1491F5927AD472600A72AEB /* ContentView.swift */,
				C1491F5A27AD472600A72AEB /* Persistence.swift */,
				C1491F5B27AD472700A72AEB /* Assets.xcassets */,
				C1491F5627AD472600A72AEB /* Podcast_Producer.xcdatamodeld */,
			);
			path = Shared;
			sourceTree = "<group>";
		};
		C1491F6127AD472700A72AEB /* Products */ = {
			isa = PBXGroup;
			children = (
				C1491F6027AD472700A72AEB /* Podcast Producer.app */,
				C1491F6627AD472700A72AEB /* Podcast Producer.app */,
			);
			name = Products;
			sourceTree = "<group>";
		};
		C1491F6727AD472700A72AEB /* macOS */ = {
			isa = PBXGroup;
			children = (
				C1491F6827AD472700A72AEB /* macOS.entitlements */,
			);
			path = macOS;
			sourceTree = "<group>";
		};
/* End PBXGroup section */

/* Begin PBXNativeTarget section */
		C1491F5F27AD472700A72AEB /* Podcast Producer (iOS) */ = {
			isa = PBXNativeTarget;
			buildConfigurationList = C1491F7527AD472700A72AEB /* Build configuration list for PBXNativeTarget "Podcast Producer (iOS)" */;
			buildPhases = (
				C1491F5C27AD472700A72AEB /* Sources */,
				C1491F5D27AD472700A72AEB /* Frameworks */,
				C1491F5E27AD472700A72AEB /* Resources */,
			);
			buildRules = (
			);
			dependencies = (
			);
			name = "Podcast Producer (iOS)";
			productName = "Podcast Producer (iOS)";
			productReference = C1491F6027AD472700A72AEB /* Podcast Producer.app */;
			productType = "com.apple.product-type.application";
		};
		C1491F6527AD472700A72AEB /* Podcast Producer (macOS) */ = {
			isa = PBXNativeTarget;
			buildConfigurationList = C1491F7827AD472700A72AEB /* Build configuration list for PBXNativeTarget "Podcast Producer (macOS)" */;
			buildPhases = (
				C1491F6227AD472700A72AEB /* Sources */,
				C1491F6327AD472700A72AEB /* Frameworks */,
				C1491F6427AD472700A72AEB /* Resources */,
			);
			buildRules = (
			);
			dependencies = (
			);
			name = "Podcast Producer (macOS)";
			productName = "Podcast Producer (macOS)";
			productReference = C1491F6627AD472700A72AEB /* Podcast Producer.app */;
			productType = "com.apple.product-type.application";
		};
/* End PBXNativeTarget section */

/* Begin PBXProject section */
		C1491F5127AD472500A72AEB /* Project object */ = {
			isa = PBXProject;
			attributes = {
				BuildIndependentTargetsInParallel = 1;
				LastSwiftUpdateCheck = 1320;
				LastUpgradeCheck = 1340;
				TargetAttributes = {
					C1491F5F27AD472700A72AEB = {
						CreatedOnToolsVersion = 13.2.1;
					};
					C1491F6527AD472700A72AEB = {
						CreatedOnToolsVersion = 13.2.1;
					};
				};
			};
			buildConfigurationList = C1491F5427AD472500A72AEB /* Build configuration list for PBXProject "Podcast Producer" */;
			compatibilityVersion = "Xcode 13.0";
			developmentRegion = en;
			hasScannedForEncodings = 0;
			knownRegions = (
				en,
				Base,
			);
			mainGroup = C1491F5027AD472500A72AEB;
			productRefGroup = C1491F6127AD472700A72AEB /* Products */;
			projectDirPath = "";
			projectRoot = "";
			targets = (
				C1491F5F27AD472700A72AEB /* Podcast Producer (iOS) */,
				C1491F6527AD472700A72AEB /* Podcast Producer (macOS) */,
			);
		};
/* End PBXProject section */

/* Begin PBXResourcesBuildPhase section */
		C1491F5E27AD472700A72AEB /* Resources */ = {
			isa = PBXResourcesBuildPhase;
			buildActionMask = 2147483647;
			files = (
				C1491F7127AD472700A72AEB /* Assets.xcassets in Resources */,
			);
			runOnlyForDeploymentPostprocessing = 0;
		};
		C1491F6427AD472700A72AEB /* Resources */ = {
			isa = PBXResourcesBuildPhase;
			buildActionMask = 2147483647;
			files = (
				C1491F7227AD472700A72AEB /* Assets.xcassets in Resources */,
			);
			runOnlyForDeploymentPostprocessing = 0;
		};
/* End PBXResourcesBuildPhase section */

/* Begin PBXSourcesBuildPhase section */
		C1491F5C27AD472700A72AEB /* Sources */ = {
			isa = PBXSourcesBuildPhase;
			buildActionMask = 2147483647;
			files = (
				C1491F6B27AD472700A72AEB /* Podcast_ProducerApp.swift in Sources */,
				C1491F6F27AD472700A72AEB /* Persistence.swift in Sources */,
				C1491F6927AD472700A72AEB /* Podcast_Producer.xcdatamodeld in Sources */,
				C1491F6D27AD472700A72AEB /* ContentView.swift in Sources */,
			);
			runOnlyForDeploymentPostprocessing = 0;
		};
		C1491F6227AD472700A72AEB /* Sources */ = {
			isa = PBXSourcesBuildPhase;
			buildActionMask = 2147483647;
			files = (
				C1491F6C27AD472700A72AEB /* Podcast_ProducerApp.swift in Sources */,
				C1491F7027AD472700A72AEB /* Persistence.swift in Sources */,
				C1491F6A27AD472700A72AEB /* Podcast_Producer.xcdatamodeld in Sources */,
				C1491F6E27AD472700A72AEB /* ContentView.swift in Sources */,
			);
			runOnlyForDeploymentPostprocessing = 0;
		};
/* End PBXSourcesBuildPhase section */

/* Begin XCBuildConfiguration section */
		C1491F7327AD472700A72AEB /* Debug */ = {
			isa = XCBuildConfiguration;
			buildSettings = {
				ALWAYS_SEARCH_USER_PATHS = NO;
				CLANG_ANALYZER_NONNULL = YES;
				CLANG_ANALYZER_NUMBER_OBJECT_CONVERSION = YES_AGGRESSIVE;
				CLANG_CXX_LANGUAGE_STANDARD = "gnu++17";
				CLANG_CXX_LIBRARY = "libc++";
				CLANG_ENABLE_MODULES = YES;
				CLANG_ENABLE_OBJC_ARC = YES;
				CLANG_ENABLE_OBJC_WEAK = YES;
				CLANG_WARN_BLOCK_CAPTURE_AUTORELEASING = YES;
				CLANG_WARN_BOOL_CONVERSION = YES;
				CLANG_WARN_COMMA = YES;
				CLANG_WARN_CONSTANT_CONVERSION = YES;
				CLANG_WARN_DEPRECATED_OBJC_IMPLEMENTATIONS = YES;
				CLANG_WARN_DIRECT_OBJC_ISA_USAGE = YES_ERROR;
				CLANG_WARN_DOCUMENTATION_COMMENTS = YES;
				CLANG_WARN_EMPTY_BODY = YES;
				CLANG_WARN_ENUM_CONVERSION = YES;
				CLANG_WARN_INFINITE_RECURSION = YES;
				CLANG_WARN_INT_CONVERSION = YES;
				CLANG_WARN_NON_LITERAL_NULL_CONVERSION = YES;
				CLANG_WARN_OBJC_IMPLICIT_RETAIN_SELF = YES;
				CLANG_WARN_OBJC_LITERAL_CONVERSION = YES;
				CLANG_WARN_OBJC_ROOT_CLASS = YES_ERROR;
				CLANG_WARN_QUOTED_INCLUDE_IN_FRAMEWORK_HEADER = YES;
				CLANG_WARN_RANGE_LOOP_ANALYSIS = YES;
				CLANG_WARN_STRICT_PROTOTYPES = YES;
				CLANG_WARN_SUSPICIOUS_MOVE = YES;
				CLANG_WARN_UNGUARDED_AVAILABILITY = YES_AGGRESSIVE;
				CLANG_WARN_UNREACHABLE_CODE = YES;
				CLANG_WARN__DUPLICATE_METHOD_MATCH = YES;
				COPY_PHASE_STRIP = NO;
				DEBUG_INFORMATION_FORMAT = dwarf;
				ENABLE_STRICT_OBJC_MSGSEND = YES;
				ENABLE_TESTABILITY = YES;
				GCC_C_LANGUAGE_STANDARD = gnu11;
				GCC_DYNAMIC_NO_PIC = NO;
				GCC_NO_COMMON_BLOCKS = YES;
				GCC_OPTIMIZATION_LEVEL = 0;
				GCC_PREPROCESSOR_DEFINITIONS = (
					"DEBUG=1",
					"$(inherited)",
				);
				GCC_WARN_64_TO_32_BIT_CONVERSION = YES;
				GCC_WARN_ABOUT_RETURN_TYPE = YES_ERROR;
				GCC_WARN_UNDECLARED_SELECTOR = YES;
				GCC_WARN_UNINITIALIZED_AUTOS = YES_AGGRESSIVE;
				GCC_WARN_UNUSED_FUNCTION = YES;
				GCC_WARN_UNUSED_VARIABLE = YES;
				MTL_ENABLE_DEBUG_INFO = INCLUDE_SOURCE;
				MTL_FAST_MATH = YES;
				ONLY_ACTIVE_ARCH = YES;
				SWIFT_ACTIVE_COMPILATION_CONDITIONS = DEBUG;
				SWIFT_OPTIMIZATION_LEVEL = "-Onone";
			};
			name = Debug;
		};
		C1491F7427AD472700A72AEB /* Release */ = {
			isa = XCBuildConfiguration;
			buildSettings = {
				ALWAYS_SEARCH_USER_PATHS = NO;
				CLANG_ANALYZER_NONNULL = YES;
				CLANG_ANALYZER_NUMBER_OBJECT_CONVERSION = YES_AGGRESSIVE;
				CLANG_CXX_LANGUAGE_STANDARD = "gnu++17";
				CLANG_CXX_LIBRARY = "libc++";
				CLANG_ENABLE_MODULES = YES;
				CLANG_ENABLE_OBJC_ARC = YES;
				CLANG_ENABLE_OBJC_WEAK = YES;
				CLANG_WARN_BLOCK_CAPTURE_AUTORELEASING = YES;
				CLANG_WARN_BOOL_CONVERSION = YES;
				CLANG_WARN_COMMA = YES;
				CLANG_WARN_CONSTANT_CONVERSION = YES;
				CLANG_WARN_DEPRECATED_OBJC_IMPLEMENTATIONS = YES;
				CLANG_WARN_DIRECT_OBJC_ISA_USAGE = YES_ERROR;
				CLANG_WARN_DOCUMENTATION_COMMENTS = YES;
				CLANG_WARN_EMPTY_BODY = YES;
				CLANG_WARN_ENUM_CONVERSION = YES;
				CLANG_WARN_INFINITE_RECURSION = YES;
				CLANG_WARN_INT_CONVERSION = YES;
				CLANG_WARN_NON_LITERAL_NULL_CONVERSION = YES;
				CLANG_WARN_OBJC_IMPLICIT_RETAIN_SELF = YES;
				CLANG_WARN_OBJC_LITERAL_CONVERSION = YES;
				CLANG_WARN_OBJC_ROOT_CLASS = YES_ERROR;
				CLANG_WARN_QUOTED_INCLUDE_IN_FRAMEWORK_HEADER = YES;
				CLANG_WARN_RANGE_LOOP_ANALYSIS = YES;
				CLANG_WARN_STRICT_PROTOTYPES = YES;
				CLANG_WARN_SUSPICIOUS_MOVE = YES;
				CLANG_WARN_UNGUARDED_AVAILABILITY = YES_AGGRESSIVE;
				CLANG_WARN_UNREACHABLE_CODE = YES;
				CLANG_WARN__DUPLICATE_METHOD_MATCH = YES;
				COPY_PHASE_STRIP = NO;
				DEBUG_INFORMATION_FORMAT = "dwarf-with-dsym";
				ENABLE_NS_ASSERTIONS = NO;
				ENABLE_STRICT_OBJC_MSGSEND = YES;
				GCC_C_LANGUAGE_STANDARD = gnu11;
				GCC_NO_COMMON_BLOCKS = YES;
				GCC_WARN_64_TO_32_BIT_CONVERSION = YES;
				GCC_WARN_ABOUT_RETURN_TYPE = YES_ERROR;
				GCC_WARN_UNDECLARED_SELECTOR = YES;
				GCC_WARN_UNINITIALIZED_AUTOS = YES_AGGRESSIVE;
				GCC_WARN_UNUSED_FUNCTION = YES;
				GCC_WARN_UNUSED_VARIABLE = YES;
				MTL_ENABLE_DEBUG_INFO = NO;
				MTL_FAST_MATH = YES;
				SWIFT_COMPILATION_MODE = wholemodule;
				SWIFT_OPTIMIZATION_LEVEL = "-O";
			};
			name = Release;
		};
		C1491F7627AD472700A72AEB /* Debug */ = {
			isa = XCBuildConfiguration;
			buildSettings = {
				ASSETCATALOG_COMPILER_APPICON_NAME = AppIcon;
				ASSETCATALOG_COMPILER_GLOBAL_ACCENT_COLOR_NAME = AccentColor;
				CODE_SIGN_STYLE = Automatic;
				CURRENT_PROJECT_VERSION = 1;
				DEVELOPMENT_TEAM = 82DH72DY44;
				ENABLE_PREVIEWS = YES;
				GENERATE_INFOPLIST_FILE = YES;
				INFOPLIST_KEY_UIApplicationSceneManifest_Generation = YES;
				INFOPLIST_KEY_UIApplicationSupportsIndirectInputEvents = YES;
				INFOPLIST_KEY_UILaunchScreen_Generation = YES;
				INFOPLIST_KEY_UISupportedInterfaceOrientations_iPad = "UIInterfaceOrientationPortrait UIInterfaceOrientationPortraitUpsideDown UIInterfaceOrientationLandscapeLeft UIInterfaceOrientationLandscapeRight";
				INFOPLIST_KEY_UISupportedInterfaceOrientations_iPhone = "UIInterfaceOrientationPortrait UIInterfaceOrientationLandscapeLeft UIInterfaceOrientationLandscapeRight";
				IPHONEOS_DEPLOYMENT_TARGET = 15.2;
				LD_RUNPATH_SEARCH_PATHS = (
					"$(inherited)",
					"@executable_path/Frameworks",
				);
				MARKETING_VERSION = 1.0;
				PRODUCT_BUNDLE_IDENTIFIER = "com.artisticengines.Podcast-Producer";
				PRODUCT_NAME = "Podcast Producer";
				SDKROOT = iphoneos;
				SWIFT_EMIT_LOC_STRINGS = YES;
				SWIFT_VERSION = 5.0;
				TARGETED_DEVICE_FAMILY = "1,2";
			};
			name = Debug;
		};
		C1491F7727AD472700A72AEB /* Release */ = {
			isa = XCBuildConfiguration;
			buildSettings = {
				ASSETCATALOG_COMPILER_APPICON_NAME = AppIcon;
				ASSETCATALOG_COMPILER_GLOBAL_ACCENT_COLOR_NAME = AccentColor;
				CODE_SIGN_STYLE = Automatic;
				CURRENT_PROJECT_VERSION = 1;
				DEVELOPMENT_TEAM = 82DH72DY44;
				ENABLE_PREVIEWS = YES;
				GENERATE_INFOPLIST_FILE = YES;
				INFOPLIST_KEY_UIApplicationSceneManifest_Generation = YES;
				INFOPLIST_KEY_UIApplicationSupportsIndirectInputEvents = YES;
				INFOPLIST_KEY_UILaunchScreen_Generation = YES;
				INFOPLIST_KEY_UISupportedInterfaceOrientations_iPad = "UIInterfaceOrientationPortrait UIInterfaceOrientationPortraitUpsideDown UIInterfaceOrientationLandscapeLeft UIInterfaceOrientationLandscapeRight";
				INFOPLIST_KEY_UISupportedInterfaceOrientations_iPhone = "UIInterfaceOrientationPortrait UIInterfaceOrientationLandscapeLeft UIInterfaceOrientationLandscapeRight";
				IPHONEOS_DEPLOYMENT_TARGET = 15.2;
				LD_RUNPATH_SEARCH_PATHS = (
					"$(inherited)",
					"@executable_path/Frameworks",
				);
				MARKETING_VERSION = 1.0;
				PRODUCT_BUNDLE_IDENTIFIER = "com.artisticengines.Podcast-Producer";
				PRODUCT_NAME = "Podcast Producer";
				SDKROOT = iphoneos;
				SWIFT_EMIT_LOC_STRINGS = YES;
				SWIFT_VERSION = 5.0;
				TARGETED_DEVICE_FAMILY = "1,2";
				VALIDATE_PRODUCT = YES;
			};
			name = Release;
		};
		C1491F7927AD472700A72AEB /* Debug */ = {
			isa = XCBuildConfiguration;
			buildSettings = {
				ASSETCATALOG_COMPILER_APPICON_NAME = AppIcon;
				ASSETCATALOG_COMPILER_GLOBAL_ACCENT_COLOR_NAME = AccentColor;
				CODE_SIGN_ENTITLEMENTS = macOS/macOS.entitlements;
				CODE_SIGN_IDENTITY = "-";
				CODE_SIGN_STYLE = Automatic;
				COMBINE_HIDPI_IMAGES = YES;
				CURRENT_PROJECT_VERSION = 1;
				DEVELOPMENT_TEAM = 82DH72DY44;
				ENABLE_HARDENED_RUNTIME = YES;
				ENABLE_PREVIEWS = YES;
				GENERATE_INFOPLIST_FILE = YES;
				INFOPLIST_KEY_NSHumanReadableCopyright = "";
				LD_RUNPATH_SEARCH_PATHS = (
					"$(inherited)",
					"@executable_path/../Frameworks",
				);
				MACOSX_DEPLOYMENT_TARGET = 12.1;
				MARKETING_VERSION = 1.0;
				PRODUCT_BUNDLE_IDENTIFIER = "com.artisticengines.Podcast-Producer";
				PRODUCT_NAME = "Podcast Producer";
				SDKROOT = macosx;
				SWIFT_EMIT_LOC_STRINGS = YES;
				SWIFT_VERSION = 5.0;
			};
			name = Debug;
		};
		C1491F7A27AD472700A72AEB /* Release */ = {
			isa = XCBuildConfiguration;
			buildSettings = {
				ASSETCATALOG_COMPILER_APPICON_NAME = AppIcon;
				ASSETCATALOG_COMPILER_GLOBAL_ACCENT_COLOR_NAME = AccentColor;
				CODE_SIGN_ENTITLEMENTS = macOS/macOS.entitlements;
				CODE_SIGN_IDENTITY = "-";
				CODE_SIGN_STYLE = Automatic;
				COMBINE_HIDPI_IMAGES = YES;
				CURRENT_PROJECT_VERSION = 1;
				DEVELOPMENT_TEAM = 82DH72DY44;
				ENABLE_HARDENED_RUNTIME = YES;
				ENABLE_PREVIEWS = YES;
				GENERATE_INFOPLIST_FILE = YES;
				INFOPLIST_KEY_NSHumanReadableCopyright = "";
				LD_RUNPATH_SEARCH_PATHS = (
					"$(inherited)",
					"@executable_path/../Frameworks",
				);
				MACOSX_DEPLOYMENT_TARGET = 12.1;
				MARKETING_VERSION = 1.0;
				PRODUCT_BUNDLE_IDENTIFIER = "com.artisticengines.Podcast-Producer";
				PRODUCT_NAME = "Podcast Producer";
				SDKROOT = macosx;
				SWIFT_EMIT_LOC_STRINGS = YES;
				SWIFT_VERSION = 5.0;
			};
			name = Release;
		};
/* End XCBuildConfiguration section */

/* Begin XCConfigurationList section */
		C1491F5427AD472500A72AEB /* Build configuration list for PBXProject "Podcast Producer" */ = {
			isa = XCConfigurationList;
			buildConfigurations = (
				C1491F7327AD472700A72AEB /* Debug */,
				C1491F7427AD472700A72AEB /* Release */,
			);
			defaultConfigurationIsVisible = 0;
			defaultConfigurationName = Release;
		};
		C1491F7527AD472700A72AEB /* Build configuration list for PBXNativeTarget "Podcast Producer (iOS)" */ = {
			isa = XCConfigurationList;
			buildConfigurations = (
				C1491F7627AD472700A72AEB /* Debug */,
				C1491F7727AD472700A72AEB /* Release */,
			);
			defaultConfigurationIsVisible = 0;
			defaultConfigurationName = Release;
		};
		C1491F7827AD472700A72AEB /* Build configuration list for PBXNativeTarget "Podcast Producer (macOS)" */ = {
			isa = XCConfigurationList;
			buildConfigurations = (
				C1491F7927AD472700A72AEB /* Debug */,
				C1491F7A27AD472700A72AEB /* Release */,
			);
			defaultConfigurationIsVisible = 0;
			defaultConfigurationName = Release;
		};
/* End XCConfigurationList section */

/* Begin XCVersionGroup section */
		C1491F5627AD472600A72AEB /* Podcast_Producer.xcdatamodeld */ = {
			isa = XCVersionGroup;
			children = (
				C1491F5727AD472600A72AEB /* Shared.xcdatamodel */,
			);
			currentVersion = C1491F5727AD472600A72AEB /* Shared.xcdatamodel */;
			path = Podcast_Producer.xcdatamodeld;
			sourceTree = "<group>";
			versionGroupType = wrapper.xcdatamodel;
		};
/* End XCVersionGroup section */
	};
	rootObject = C1491F5127AD472500A72AEB /* Project object */;
}
