// !$*UTF8*$!
{
	archiveVersion = 1;
	classes = {
	};
	objectVersion = 55;
	objects = {

/* Begin PBXBuildFile section */
		C100A48D29964AA000713E3B /* StructureEditorView.swift in Sources */ = {isa = PBXBuildFile; fileRef = C100A48C29964AA000713E3B /* StructureEditorView.swift */; };
		C100A48E29964AA000713E3B /* StructureEditorView.swift in Sources */ = {isa = PBXBuildFile; fileRef = C100A48C29964AA000713E3B /* StructureEditorView.swift */; };
		C100A49029964F7F00713E3B /* StoryListView.swift in Sources */ = {isa = PBXBuildFile; fileRef = C100A48F29964F7F00713E3B /* StoryListView.swift */; };
		C100A49129964F7F00713E3B /* StoryListView.swift in Sources */ = {isa = PBXBuildFile; fileRef = C100A48F29964F7F00713E3B /* StoryListView.swift */; };
		C11013A329A4CD600082D667 /* Sidebar.swift in Sources */ = {isa = PBXBuildFile; fileRef = C14A102629113213004DBB67 /* Sidebar.swift */; };
		C110219F28FFFD93005AA554 /* SpeechManager.swift in Sources */ = {isa = PBXBuildFile; fileRef = C110219E28FFFD93005AA554 /* SpeechManager.swift */; };
		C11021A028FFFD93005AA554 /* SpeechManager.swift in Sources */ = {isa = PBXBuildFile; fileRef = C110219E28FFFD93005AA554 /* SpeechManager.swift */; };
		C11021A3290026D1005AA554 /* PodcastVoice.swift in Sources */ = {isa = PBXBuildFile; fileRef = C11021A2290026D1005AA554 /* PodcastVoice.swift */; };
		C11021A4290026D1005AA554 /* PodcastVoice.swift in Sources */ = {isa = PBXBuildFile; fileRef = C11021A2290026D1005AA554 /* PodcastVoice.swift */; };
		C11A239B28F30B300022263B /* EpisodeTemplate.swift in Sources */ = {isa = PBXBuildFile; fileRef = C11A239A28F30B300022263B /* EpisodeTemplate.swift */; };
		C11A239C28F30B300022263B /* EpisodeTemplate.swift in Sources */ = {isa = PBXBuildFile; fileRef = C11A239A28F30B300022263B /* EpisodeTemplate.swift */; };
		C11A239F28F310F20022263B /* LanguageManager.swift in Sources */ = {isa = PBXBuildFile; fileRef = C11A239E28F310F20022263B /* LanguageManager.swift */; };
		C11A23A028F310F20022263B /* LanguageManager.swift in Sources */ = {isa = PBXBuildFile; fileRef = C11A239E28F310F20022263B /* LanguageManager.swift */; };
		C11DBB5C28DDCC5E003E426D /* 03-sting-trimmed.caf in Resources */ = {isa = PBXBuildFile; fileRef = C11DBB5B28DDCC5E003E426D /* 03-sting-trimmed.caf */; };
		C11DBB5D28DDCC5E003E426D /* 03-sting-trimmed.caf in Resources */ = {isa = PBXBuildFile; fileRef = C11DBB5B28DDCC5E003E426D /* 03-sting-trimmed.caf */; };
		C11DBB6128DDDB77003E426D /* 09-outro-end-trimmed.caf in Resources */ = {isa = PBXBuildFile; fileRef = C11DBB5E28DDDB77003E426D /* 09-outro-end-trimmed.caf */; };
		C11DBB6228DDDB77003E426D /* 09-outro-end-trimmed.caf in Resources */ = {isa = PBXBuildFile; fileRef = C11DBB5E28DDDB77003E426D /* 09-outro-end-trimmed.caf */; };
		C11DBB6328DDDB77003E426D /* 07-outro-start-trimmed.caf in Resources */ = {isa = PBXBuildFile; fileRef = C11DBB5F28DDDB77003E426D /* 07-outro-start-trimmed.caf */; };
		C11DBB6428DDDB77003E426D /* 07-outro-start-trimmed.caf in Resources */ = {isa = PBXBuildFile; fileRef = C11DBB5F28DDDB77003E426D /* 07-outro-start-trimmed.caf */; };
		C11DBB6828DDDC1F003E426D /* 08-outro-middle-trimmed.caf in Resources */ = {isa = PBXBuildFile; fileRef = C11DBB6728DDDC1F003E426D /* 08-outro-middle-trimmed.caf */; };
		C11DBB6928DDDC1F003E426D /* 08-outro-middle-trimmed.caf in Resources */ = {isa = PBXBuildFile; fileRef = C11DBB6728DDDC1F003E426D /* 08-outro-middle-trimmed.caf */; };
		C11DBB6B28DDEDA2003E426D /* SelmaVoice.swift in Sources */ = {isa = PBXBuildFile; fileRef = C11DBB6A28DDEDA2003E426D /* SelmaVoice.swift */; };
		C11DBB6C28DDEDA2003E426D /* SelmaVoice.swift in Sources */ = {isa = PBXBuildFile; fileRef = C11DBB6A28DDEDA2003E426D /* SelmaVoice.swift */; };
		C1262F7828E3239F00F3C725 /* 2022-09-26-e1.md in Resources */ = {isa = PBXBuildFile; fileRef = C1262F6D28E3239E00F3C725 /* 2022-09-26-e1.md */; };
		C1262F7928E3239F00F3C725 /* 2022-09-26-e1.md in Resources */ = {isa = PBXBuildFile; fileRef = C1262F6D28E3239E00F3C725 /* 2022-09-26-e1.md */; };
		C1262F7A28E3239F00F3C725 /* 2022-09-27-e1.md in Resources */ = {isa = PBXBuildFile; fileRef = C1262F6E28E3239E00F3C725 /* 2022-09-27-e1.md */; };
		C1262F7B28E3239F00F3C725 /* 2022-09-27-e1.md in Resources */ = {isa = PBXBuildFile; fileRef = C1262F6E28E3239E00F3C725 /* 2022-09-27-e1.md */; };
		C1262F7C28E3239F00F3C725 /* 2022-09-21-e1.md in Resources */ = {isa = PBXBuildFile; fileRef = C1262F6F28E3239E00F3C725 /* 2022-09-21-e1.md */; };
		C1262F7D28E3239F00F3C725 /* 2022-09-21-e1.md in Resources */ = {isa = PBXBuildFile; fileRef = C1262F6F28E3239E00F3C725 /* 2022-09-21-e1.md */; };
		C1262F7E28E3239F00F3C725 /* 2022-09-26-e2.md in Resources */ = {isa = PBXBuildFile; fileRef = C1262F7028E3239E00F3C725 /* 2022-09-26-e2.md */; };
		C1262F7F28E3239F00F3C725 /* 2022-09-26-e2.md in Resources */ = {isa = PBXBuildFile; fileRef = C1262F7028E3239E00F3C725 /* 2022-09-26-e2.md */; };
		C1262F8028E3239F00F3C725 /* 2022-09-22-e2.md in Resources */ = {isa = PBXBuildFile; fileRef = C1262F7128E3239E00F3C725 /* 2022-09-22-e2.md */; };
		C1262F8128E3239F00F3C725 /* 2022-09-22-e2.md in Resources */ = {isa = PBXBuildFile; fileRef = C1262F7128E3239E00F3C725 /* 2022-09-22-e2.md */; };
		C1262F8228E3239F00F3C725 /* 2022-09-20-e2.md in Resources */ = {isa = PBXBuildFile; fileRef = C1262F7228E3239E00F3C725 /* 2022-09-20-e2.md */; };
		C1262F8328E3239F00F3C725 /* 2022-09-20-e2.md in Resources */ = {isa = PBXBuildFile; fileRef = C1262F7228E3239E00F3C725 /* 2022-09-20-e2.md */; };
		C1262F8428E3239F00F3C725 /* 2022-09-21-e2.md in Resources */ = {isa = PBXBuildFile; fileRef = C1262F7328E3239E00F3C725 /* 2022-09-21-e2.md */; };
		C1262F8528E3239F00F3C725 /* 2022-09-21-e2.md in Resources */ = {isa = PBXBuildFile; fileRef = C1262F7328E3239E00F3C725 /* 2022-09-21-e2.md */; };
		C1262F8628E3239F00F3C725 /* 2022-09-19-e1.md in Resources */ = {isa = PBXBuildFile; fileRef = C1262F7428E3239E00F3C725 /* 2022-09-19-e1.md */; };
		C1262F8728E3239F00F3C725 /* 2022-09-19-e1.md in Resources */ = {isa = PBXBuildFile; fileRef = C1262F7428E3239E00F3C725 /* 2022-09-19-e1.md */; };
		C1262F8828E3239F00F3C725 /* 2022-09-19-e2.md in Resources */ = {isa = PBXBuildFile; fileRef = C1262F7528E3239F00F3C725 /* 2022-09-19-e2.md */; };
		C1262F8928E3239F00F3C725 /* 2022-09-19-e2.md in Resources */ = {isa = PBXBuildFile; fileRef = C1262F7528E3239F00F3C725 /* 2022-09-19-e2.md */; };
		C1262F8A28E3239F00F3C725 /* 2022-09-20-e1.md in Resources */ = {isa = PBXBuildFile; fileRef = C1262F7628E3239F00F3C725 /* 2022-09-20-e1.md */; };
		C1262F8B28E3239F00F3C725 /* 2022-09-20-e1.md in Resources */ = {isa = PBXBuildFile; fileRef = C1262F7628E3239F00F3C725 /* 2022-09-20-e1.md */; };
		C1262F8C28E3239F00F3C725 /* 2022-09-22-e1.md in Resources */ = {isa = PBXBuildFile; fileRef = C1262F7728E3239F00F3C725 /* 2022-09-22-e1.md */; };
		C1262F8D28E3239F00F3C725 /* 2022-09-22-e1.md in Resources */ = {isa = PBXBuildFile; fileRef = C1262F7728E3239F00F3C725 /* 2022-09-22-e1.md */; };
		C1262F8F28E323DF00F3C725 /* ScriptParser.swift in Sources */ = {isa = PBXBuildFile; fileRef = C1262F8E28E323DF00F3C725 /* ScriptParser.swift */; };
		C1262F9028E323DF00F3C725 /* ScriptParser.swift in Sources */ = {isa = PBXBuildFile; fileRef = C1262F8E28E323DF00F3C725 /* ScriptParser.swift */; };
		C1262F9228E3259F00F3C725 /* ScriptView.swift in Sources */ = {isa = PBXBuildFile; fileRef = C1262F9128E3259F00F3C725 /* ScriptView.swift */; };
		C1262F9328E3259F00F3C725 /* ScriptView.swift in Sources */ = {isa = PBXBuildFile; fileRef = C1262F9128E3259F00F3C725 /* ScriptView.swift */; };
		C13C775228D889D900C6C61B /* bip-CAF.caf in Resources */ = {isa = PBXBuildFile; fileRef = C13C775128D889D900C6C61B /* bip-CAF.caf */; };
		C13C775328D889D900C6C61B /* bip-CAF.caf in Resources */ = {isa = PBXBuildFile; fileRef = C13C775128D889D900C6C61B /* bip-CAF.caf */; };
		C13C775B28D8B42A00C6C61B /* 00-intro-start-trimmed.caf in Resources */ = {isa = PBXBuildFile; fileRef = C13C775A28D8B42A00C6C61B /* 00-intro-start-trimmed.caf */; };
		C13C775C28D8B42A00C6C61B /* 00-intro-start-trimmed.caf in Resources */ = {isa = PBXBuildFile; fileRef = C13C775A28D8B42A00C6C61B /* 00-intro-start-trimmed.caf */; };
		C13C775E28D8B4FF00C6C61B /* 02-intro-end-trimmed.caf in Resources */ = {isa = PBXBuildFile; fileRef = C13C775D28D8B4FF00C6C61B /* 02-intro-end-trimmed.caf */; };
		C13C775F28D8B4FF00C6C61B /* 02-intro-end-trimmed.caf in Resources */ = {isa = PBXBuildFile; fileRef = C13C775D28D8B4FF00C6C61B /* 02-intro-end-trimmed.caf */; };
		C13C776128D8B52200C6C61B /* 01-intro-middle-trimmed.caf in Resources */ = {isa = PBXBuildFile; fileRef = C13C776028D8B52200C6C61B /* 01-intro-middle-trimmed.caf */; };
		C13C776228D8B52200C6C61B /* 01-intro-middle-trimmed.caf in Resources */ = {isa = PBXBuildFile; fileRef = C13C776028D8B52200C6C61B /* 01-intro-middle-trimmed.caf */; };
		C1491F6927AD472700A72AEB /* Podcast_Producer.xcdatamodeld in Sources */ = {isa = PBXBuildFile; fileRef = C1491F5627AD472600A72AEB /* Podcast_Producer.xcdatamodeld */; };
		C1491F6A27AD472700A72AEB /* Podcast_Producer.xcdatamodeld in Sources */ = {isa = PBXBuildFile; fileRef = C1491F5627AD472600A72AEB /* Podcast_Producer.xcdatamodeld */; };
		C1491F6B27AD472700A72AEB /* Podcast_ProducerApp.swift in Sources */ = {isa = PBXBuildFile; fileRef = C1491F5827AD472600A72AEB /* Podcast_ProducerApp.swift */; };
		C1491F6C27AD472700A72AEB /* Podcast_ProducerApp.swift in Sources */ = {isa = PBXBuildFile; fileRef = C1491F5827AD472600A72AEB /* Podcast_ProducerApp.swift */; };
		C1491F6D27AD472700A72AEB /* ContentView.swift in Sources */ = {isa = PBXBuildFile; fileRef = C1491F5927AD472600A72AEB /* ContentView.swift */; };
		C1491F6F27AD472700A72AEB /* Persistence.swift in Sources */ = {isa = PBXBuildFile; fileRef = C1491F5A27AD472600A72AEB /* Persistence.swift */; };
		C1491F7027AD472700A72AEB /* Persistence.swift in Sources */ = {isa = PBXBuildFile; fileRef = C1491F5A27AD472600A72AEB /* Persistence.swift */; };
		C1491F7127AD472700A72AEB /* Assets.xcassets in Resources */ = {isa = PBXBuildFile; fileRef = C1491F5B27AD472700A72AEB /* Assets.xcassets */; };
		C1491F7227AD472700A72AEB /* Assets.xcassets in Resources */ = {isa = PBXBuildFile; fileRef = C1491F5B27AD472700A72AEB /* Assets.xcassets */; };
		C1495733296D7AFF00C70E40 /* AudioPlayerView.swift in Sources */ = {isa = PBXBuildFile; fileRef = C1495732296D7AFF00C70E40 /* AudioPlayerView.swift */; };
		C1495734296D7AFF00C70E40 /* AudioPlayerView.swift in Sources */ = {isa = PBXBuildFile; fileRef = C1495732296D7AFF00C70E40 /* AudioPlayerView.swift */; };
		C14A102729113213004DBB67 /* Sidebar.swift in Sources */ = {isa = PBXBuildFile; fileRef = C14A102629113213004DBB67 /* Sidebar.swift */; };
		C14B1E6F290C2801000748FA /* TemplateCreationView.swift in Sources */ = {isa = PBXBuildFile; fileRef = C14B1E6E290C2801000748FA /* TemplateCreationView.swift */; };
		C14B1E70290C2801000748FA /* TemplateCreationView.swift in Sources */ = {isa = PBXBuildFile; fileRef = C14B1E6E290C2801000748FA /* TemplateCreationView.swift */; };
		C14CEA2A28F1948A00B8DFC8 /* StandardSectionEditView.swift in Sources */ = {isa = PBXBuildFile; fileRef = C14CEA2928F1948A00B8DFC8 /* StandardSectionEditView.swift */; };
		C14CEA2B28F1948A00B8DFC8 /* StandardSectionEditView.swift in Sources */ = {isa = PBXBuildFile; fileRef = C14CEA2928F1948A00B8DFC8 /* StandardSectionEditView.swift */; };
		C14CEA2D28F1CB4D00B8DFC8 /* StoriesSectionEditView.swift in Sources */ = {isa = PBXBuildFile; fileRef = C14CEA2C28F1CB4D00B8DFC8 /* StoriesSectionEditView.swift */; };
		C14CEA2E28F1CB4D00B8DFC8 /* StoriesSectionEditView.swift in Sources */ = {isa = PBXBuildFile; fileRef = C14CEA2C28F1CB4D00B8DFC8 /* StoriesSectionEditView.swift */; };
		C14CEA3028F1E41D00B8DFC8 /* HeadlineSectionEditView.swift in Sources */ = {isa = PBXBuildFile; fileRef = C14CEA2F28F1E41D00B8DFC8 /* HeadlineSectionEditView.swift */; };
		C14CEA3128F1E41D00B8DFC8 /* HeadlineSectionEditView.swift in Sources */ = {isa = PBXBuildFile; fileRef = C14CEA2F28F1E41D00B8DFC8 /* HeadlineSectionEditView.swift */; };
		C1543A0C28A2A64300427ED0 /* EpisodeViewModel.swift in Sources */ = {isa = PBXBuildFile; fileRef = C1543A0B28A2A64300427ED0 /* EpisodeViewModel.swift */; };
		C1543A0D28A2A64300427ED0 /* EpisodeViewModel.swift in Sources */ = {isa = PBXBuildFile; fileRef = C1543A0B28A2A64300427ED0 /* EpisodeViewModel.swift */; };
		C1543A0F28A2A69C00427ED0 /* Episode.swift in Sources */ = {isa = PBXBuildFile; fileRef = C1543A0E28A2A69C00427ED0 /* Episode.swift */; };
		C1543A1028A2A69C00427ED0 /* Episode.swift in Sources */ = {isa = PBXBuildFile; fileRef = C1543A0E28A2A69C00427ED0 /* Episode.swift */; };
		C15F6D57296D58D800BA567D /* PodcastRenderView.swift in Sources */ = {isa = PBXBuildFile; fileRef = C15F6D56296D58D800BA567D /* PodcastRenderView.swift */; };
		C15F6D58296D58D800BA567D /* PodcastRenderView.swift in Sources */ = {isa = PBXBuildFile; fileRef = C15F6D56296D58D800BA567D /* PodcastRenderView.swift */; };
		C170D76829A37A9F00309559 /* SectionEditView.swift in Sources */ = {isa = PBXBuildFile; fileRef = C170D76729A37A9F00309559 /* SectionEditView.swift */; };
		C170D76929A37A9F00309559 /* SectionEditView.swift in Sources */ = {isa = PBXBuildFile; fileRef = C170D76729A37A9F00309559 /* SectionEditView.swift */; };
		C1756ABA28A1198D00FE9F2B /* EpisodeEditorView.swift in Sources */ = {isa = PBXBuildFile; fileRef = C1756AB928A1198D00FE9F2B /* EpisodeEditorView.swift */; };
		C1756ABD28A13D3700FE9F2B /* StoryEditView.swift in Sources */ = {isa = PBXBuildFile; fileRef = C1756ABC28A13D3700FE9F2B /* StoryEditView.swift */; };
		C1756ABE28A13D3700FE9F2B /* StoryEditView.swift in Sources */ = {isa = PBXBuildFile; fileRef = C1756ABC28A13D3700FE9F2B /* StoryEditView.swift */; };
		C176AB0E28CF7A3B00E2804D /* AudioEpisode.swift in Sources */ = {isa = PBXBuildFile; fileRef = C176AB0D28CF7A3B00E2804D /* AudioEpisode.swift */; };
		C176AB0F28CF7A3B00E2804D /* AudioEpisode.swift in Sources */ = {isa = PBXBuildFile; fileRef = C176AB0D28CF7A3B00E2804D /* AudioEpisode.swift */; };
		C191062D28FEEBAA00B81231 /* EpisodeCreationView.swift in Sources */ = {isa = PBXBuildFile; fileRef = C191062C28FEEBAA00B81231 /* EpisodeCreationView.swift */; };
		C191062E28FEEBAA00B81231 /* EpisodeCreationView.swift in Sources */ = {isa = PBXBuildFile; fileRef = C191062C28FEEBAA00B81231 /* EpisodeCreationView.swift */; };
		C1B0977A29117CC3004BDEE3 /* VoiceManager.swift in Sources */ = {isa = PBXBuildFile; fileRef = C1B0977929117CC3004BDEE3 /* VoiceManager.swift */; };
		C1B0977B29117CC3004BDEE3 /* VoiceManager.swift in Sources */ = {isa = PBXBuildFile; fileRef = C1B0977929117CC3004BDEE3 /* VoiceManager.swift */; };
		C1BA7EBE28AA92270090573B /* AudioRenderView.swift in Sources */ = {isa = PBXBuildFile; fileRef = C1BA7EBD28AA92270090573B /* AudioRenderView.swift */; };
		C1BA7EBF28AA92270090573B /* AudioRenderView.swift in Sources */ = {isa = PBXBuildFile; fileRef = C1BA7EBD28AA92270090573B /* AudioRenderView.swift */; };
		C1BA7EC128AA93280090573B /* AudioManager.swift in Sources */ = {isa = PBXBuildFile; fileRef = C1BA7EC028AA93280090573B /* AudioManager.swift */; };
		C1BA7EC228AA93280090573B /* AudioManager.swift in Sources */ = {isa = PBXBuildFile; fileRef = C1BA7EC028AA93280090573B /* AudioManager.swift */; };
		C1BA7EC828AB82300090573B /* SelmaAPI.swift in Sources */ = {isa = PBXBuildFile; fileRef = C1BA7EC728AB82300090573B /* SelmaAPI.swift */; };
		C1BA7EC928AB82300090573B /* SelmaAPI.swift in Sources */ = {isa = PBXBuildFile; fileRef = C1BA7EC728AB82300090573B /* SelmaAPI.swift */; };
		C1C97196290C2E66008DACB3 /* GithubCreationView.swift in Sources */ = {isa = PBXBuildFile; fileRef = C1C97195290C2E66008DACB3 /* GithubCreationView.swift */; };
		C1C97197290C2E66008DACB3 /* GithubCreationView.swift in Sources */ = {isa = PBXBuildFile; fileRef = C1C97195290C2E66008DACB3 /* GithubCreationView.swift */; };
		C1CF37AF29840C4700134E75 /* TemplateManager.swift in Sources */ = {isa = PBXBuildFile; fileRef = C1CF37AE29840C4700134E75 /* TemplateManager.swift */; };
		C1CF37B029840C4700134E75 /* TemplateManager.swift in Sources */ = {isa = PBXBuildFile; fileRef = C1CF37AE29840C4700134E75 /* TemplateManager.swift */; };
		C1D946FD29A3A35800B70A83 /* MacTestView.swift in Sources */ = {isa = PBXBuildFile; fileRef = C1D946FC29A3A35800B70A83 /* MacTestView.swift */; };
		C1D946FE29A3A3F100B70A83 /* EpisodeEditorView.swift in Sources */ = {isa = PBXBuildFile; fileRef = C1756AB928A1198D00FE9F2B /* EpisodeEditorView.swift */; };
		C1E4C71A29A4D1350040826F /* ContentView.swift in Sources */ = {isa = PBXBuildFile; fileRef = C1491F5927AD472600A72AEB /* ContentView.swift */; };
		C1F5602728D4765900E573E2 /* no-audio.m4a in Resources */ = {isa = PBXBuildFile; fileRef = C1F5602628D4765900E573E2 /* no-audio.m4a */; };
		C1F5602828D4765900E573E2 /* no-audio.m4a in Resources */ = {isa = PBXBuildFile; fileRef = C1F5602628D4765900E573E2 /* no-audio.m4a */; };
/* End PBXBuildFile section */

/* Begin PBXFileReference section */
		C100A48C29964AA000713E3B /* StructureEditorView.swift */ = {isa = PBXFileReference; lastKnownFileType = sourcecode.swift; path = StructureEditorView.swift; sourceTree = "<group>"; };
		C100A48F29964F7F00713E3B /* StoryListView.swift */ = {isa = PBXFileReference; lastKnownFileType = sourcecode.swift; path = StoryListView.swift; sourceTree = "<group>"; };
		C108C27629A3B684001032F0 /* ContentView.swift */ = {isa = PBXFileReference; lastKnownFileType = sourcecode.swift; path = ContentView.swift; sourceTree = "<group>"; };
		C10D912A2919430300AC94A7 /* Podcast-Creator--iOS--Info.plist */ = {isa = PBXFileReference; lastKnownFileType = text.plist; path = "Podcast-Creator--iOS--Info.plist"; sourceTree = "<group>"; };
		C110219E28FFFD93005AA554 /* SpeechManager.swift */ = {isa = PBXFileReference; lastKnownFileType = sourcecode.swift; path = SpeechManager.swift; sourceTree = "<group>"; };
		C11021A2290026D1005AA554 /* PodcastVoice.swift */ = {isa = PBXFileReference; lastKnownFileType = sourcecode.swift; path = PodcastVoice.swift; sourceTree = "<group>"; };
		C11A239A28F30B300022263B /* EpisodeTemplate.swift */ = {isa = PBXFileReference; lastKnownFileType = sourcecode.swift; path = EpisodeTemplate.swift; sourceTree = "<group>"; };
		C11A239E28F310F20022263B /* LanguageManager.swift */ = {isa = PBXFileReference; lastKnownFileType = sourcecode.swift; path = LanguageManager.swift; sourceTree = "<group>"; };
		C11DBB5B28DDCC5E003E426D /* 03-sting-trimmed.caf */ = {isa = PBXFileReference; lastKnownFileType = file; path = "03-sting-trimmed.caf"; sourceTree = "<group>"; };
		C11DBB5E28DDDB77003E426D /* 09-outro-end-trimmed.caf */ = {isa = PBXFileReference; lastKnownFileType = file; path = "09-outro-end-trimmed.caf"; sourceTree = "<group>"; };
		C11DBB5F28DDDB77003E426D /* 07-outro-start-trimmed.caf */ = {isa = PBXFileReference; lastKnownFileType = file; path = "07-outro-start-trimmed.caf"; sourceTree = "<group>"; };
		C11DBB6728DDDC1F003E426D /* 08-outro-middle-trimmed.caf */ = {isa = PBXFileReference; lastKnownFileType = file; path = "08-outro-middle-trimmed.caf"; sourceTree = "<group>"; };
		C11DBB6A28DDEDA2003E426D /* SelmaVoice.swift */ = {isa = PBXFileReference; lastKnownFileType = sourcecode.swift; path = SelmaVoice.swift; sourceTree = "<group>"; };
		C1262F6D28E3239E00F3C725 /* 2022-09-26-e1.md */ = {isa = PBXFileReference; fileEncoding = 4; lastKnownFileType = net.daringfireball.markdown; path = "2022-09-26-e1.md"; sourceTree = "<group>"; };
		C1262F6E28E3239E00F3C725 /* 2022-09-27-e1.md */ = {isa = PBXFileReference; fileEncoding = 4; lastKnownFileType = net.daringfireball.markdown; path = "2022-09-27-e1.md"; sourceTree = "<group>"; };
		C1262F6F28E3239E00F3C725 /* 2022-09-21-e1.md */ = {isa = PBXFileReference; fileEncoding = 4; lastKnownFileType = net.daringfireball.markdown; path = "2022-09-21-e1.md"; sourceTree = "<group>"; };
		C1262F7028E3239E00F3C725 /* 2022-09-26-e2.md */ = {isa = PBXFileReference; fileEncoding = 4; lastKnownFileType = net.daringfireball.markdown; path = "2022-09-26-e2.md"; sourceTree = "<group>"; };
		C1262F7128E3239E00F3C725 /* 2022-09-22-e2.md */ = {isa = PBXFileReference; fileEncoding = 4; lastKnownFileType = net.daringfireball.markdown; path = "2022-09-22-e2.md"; sourceTree = "<group>"; };
		C1262F7228E3239E00F3C725 /* 2022-09-20-e2.md */ = {isa = PBXFileReference; fileEncoding = 4; lastKnownFileType = net.daringfireball.markdown; path = "2022-09-20-e2.md"; sourceTree = "<group>"; };
		C1262F7328E3239E00F3C725 /* 2022-09-21-e2.md */ = {isa = PBXFileReference; fileEncoding = 4; lastKnownFileType = net.daringfireball.markdown; path = "2022-09-21-e2.md"; sourceTree = "<group>"; };
		C1262F7428E3239E00F3C725 /* 2022-09-19-e1.md */ = {isa = PBXFileReference; fileEncoding = 4; lastKnownFileType = net.daringfireball.markdown; path = "2022-09-19-e1.md"; sourceTree = "<group>"; };
		C1262F7528E3239F00F3C725 /* 2022-09-19-e2.md */ = {isa = PBXFileReference; fileEncoding = 4; lastKnownFileType = net.daringfireball.markdown; path = "2022-09-19-e2.md"; sourceTree = "<group>"; };
		C1262F7628E3239F00F3C725 /* 2022-09-20-e1.md */ = {isa = PBXFileReference; fileEncoding = 4; lastKnownFileType = net.daringfireball.markdown; path = "2022-09-20-e1.md"; sourceTree = "<group>"; };
		C1262F7728E3239F00F3C725 /* 2022-09-22-e1.md */ = {isa = PBXFileReference; fileEncoding = 4; lastKnownFileType = net.daringfireball.markdown; path = "2022-09-22-e1.md"; sourceTree = "<group>"; };
		C1262F8E28E323DF00F3C725 /* ScriptParser.swift */ = {isa = PBXFileReference; lastKnownFileType = sourcecode.swift; path = ScriptParser.swift; sourceTree = "<group>"; };
		C1262F9128E3259F00F3C725 /* ScriptView.swift */ = {isa = PBXFileReference; lastKnownFileType = sourcecode.swift; path = ScriptView.swift; sourceTree = "<group>"; };
		C13C775128D889D900C6C61B /* bip-CAF.caf */ = {isa = PBXFileReference; lastKnownFileType = file; path = "bip-CAF.caf"; sourceTree = "<group>"; };
		C13C775A28D8B42A00C6C61B /* 00-intro-start-trimmed.caf */ = {isa = PBXFileReference; lastKnownFileType = file; path = "00-intro-start-trimmed.caf"; sourceTree = "<group>"; };
		C13C775D28D8B4FF00C6C61B /* 02-intro-end-trimmed.caf */ = {isa = PBXFileReference; lastKnownFileType = file; path = "02-intro-end-trimmed.caf"; sourceTree = "<group>"; };
		C13C776028D8B52200C6C61B /* 01-intro-middle-trimmed.caf */ = {isa = PBXFileReference; lastKnownFileType = file; path = "01-intro-middle-trimmed.caf"; sourceTree = "<group>"; };
		C1491F5727AD472600A72AEB /* Shared.xcdatamodel */ = {isa = PBXFileReference; lastKnownFileType = wrapper.xcdatamodel; path = Shared.xcdatamodel; sourceTree = "<group>"; };
		C1491F5827AD472600A72AEB /* Podcast_ProducerApp.swift */ = {isa = PBXFileReference; lastKnownFileType = sourcecode.swift; path = Podcast_ProducerApp.swift; sourceTree = "<group>"; };
		C1491F5927AD472600A72AEB /* ContentView.swift */ = {isa = PBXFileReference; lastKnownFileType = sourcecode.swift; path = ContentView.swift; sourceTree = "<group>"; };
		C1491F5A27AD472600A72AEB /* Persistence.swift */ = {isa = PBXFileReference; lastKnownFileType = sourcecode.swift; path = Persistence.swift; sourceTree = "<group>"; };
		C1491F5B27AD472700A72AEB /* Assets.xcassets */ = {isa = PBXFileReference; lastKnownFileType = folder.assetcatalog; path = Assets.xcassets; sourceTree = "<group>"; };
		C1491F6027AD472700A72AEB /* Podcast Creator.app */ = {isa = PBXFileReference; explicitFileType = wrapper.application; includeInIndex = 0; path = "Podcast Creator.app"; sourceTree = BUILT_PRODUCTS_DIR; };
		C1491F6627AD472700A72AEB /* Podcast Creator.app */ = {isa = PBXFileReference; explicitFileType = wrapper.application; includeInIndex = 0; path = "Podcast Creator.app"; sourceTree = BUILT_PRODUCTS_DIR; };
		C1491F6827AD472700A72AEB /* macOS.entitlements */ = {isa = PBXFileReference; lastKnownFileType = text.plist.entitlements; path = macOS.entitlements; sourceTree = "<group>"; };
		C1495732296D7AFF00C70E40 /* AudioPlayerView.swift */ = {isa = PBXFileReference; lastKnownFileType = sourcecode.swift; path = AudioPlayerView.swift; sourceTree = "<group>"; };
		C14A102629113213004DBB67 /* Sidebar.swift */ = {isa = PBXFileReference; lastKnownFileType = sourcecode.swift; path = Sidebar.swift; sourceTree = "<group>"; };
		C14B1E6E290C2801000748FA /* TemplateCreationView.swift */ = {isa = PBXFileReference; lastKnownFileType = sourcecode.swift; path = TemplateCreationView.swift; sourceTree = "<group>"; };
		C14CEA2928F1948A00B8DFC8 /* StandardSectionEditView.swift */ = {isa = PBXFileReference; lastKnownFileType = sourcecode.swift; path = StandardSectionEditView.swift; sourceTree = "<group>"; };
		C14CEA2C28F1CB4D00B8DFC8 /* StoriesSectionEditView.swift */ = {isa = PBXFileReference; lastKnownFileType = sourcecode.swift; path = StoriesSectionEditView.swift; sourceTree = "<group>"; };
		C14CEA2F28F1E41D00B8DFC8 /* HeadlineSectionEditView.swift */ = {isa = PBXFileReference; lastKnownFileType = sourcecode.swift; path = HeadlineSectionEditView.swift; sourceTree = "<group>"; };
		C1543A0B28A2A64300427ED0 /* EpisodeViewModel.swift */ = {isa = PBXFileReference; lastKnownFileType = sourcecode.swift; path = EpisodeViewModel.swift; sourceTree = "<group>"; };
		C1543A0E28A2A69C00427ED0 /* Episode.swift */ = {isa = PBXFileReference; lastKnownFileType = sourcecode.swift; path = Episode.swift; sourceTree = "<group>"; };
		C15F6D56296D58D800BA567D /* PodcastRenderView.swift */ = {isa = PBXFileReference; lastKnownFileType = sourcecode.swift; path = PodcastRenderView.swift; sourceTree = "<group>"; };
		C170D76729A37A9F00309559 /* SectionEditView.swift */ = {isa = PBXFileReference; lastKnownFileType = sourcecode.swift; path = SectionEditView.swift; sourceTree = "<group>"; };
		C1756AB928A1198D00FE9F2B /* EpisodeEditorView.swift */ = {isa = PBXFileReference; lastKnownFileType = sourcecode.swift; path = EpisodeEditorView.swift; sourceTree = "<group>"; };
		C1756ABC28A13D3700FE9F2B /* StoryEditView.swift */ = {isa = PBXFileReference; lastKnownFileType = sourcecode.swift; path = StoryEditView.swift; sourceTree = "<group>"; };
		C176AB0D28CF7A3B00E2804D /* AudioEpisode.swift */ = {isa = PBXFileReference; lastKnownFileType = sourcecode.swift; path = AudioEpisode.swift; sourceTree = "<group>"; };
		C191062C28FEEBAA00B81231 /* EpisodeCreationView.swift */ = {isa = PBXFileReference; lastKnownFileType = sourcecode.swift; path = EpisodeCreationView.swift; sourceTree = "<group>"; };
		C1B0977929117CC3004BDEE3 /* VoiceManager.swift */ = {isa = PBXFileReference; lastKnownFileType = sourcecode.swift; path = VoiceManager.swift; sourceTree = "<group>"; };
		C1BA7EBD28AA92270090573B /* AudioRenderView.swift */ = {isa = PBXFileReference; lastKnownFileType = sourcecode.swift; path = AudioRenderView.swift; sourceTree = "<group>"; };
		C1BA7EC028AA93280090573B /* AudioManager.swift */ = {isa = PBXFileReference; lastKnownFileType = sourcecode.swift; path = AudioManager.swift; sourceTree = "<group>"; };
		C1BA7EC728AB82300090573B /* SelmaAPI.swift */ = {isa = PBXFileReference; lastKnownFileType = sourcecode.swift; path = SelmaAPI.swift; sourceTree = "<group>"; };
		C1C97195290C2E66008DACB3 /* GithubCreationView.swift */ = {isa = PBXFileReference; lastKnownFileType = sourcecode.swift; path = GithubCreationView.swift; sourceTree = "<group>"; };
		C1CF37AE29840C4700134E75 /* TemplateManager.swift */ = {isa = PBXFileReference; lastKnownFileType = sourcecode.swift; path = TemplateManager.swift; sourceTree = "<group>"; };
		C1D946FC29A3A35800B70A83 /* MacTestView.swift */ = {isa = PBXFileReference; lastKnownFileType = sourcecode.swift; path = MacTestView.swift; sourceTree = "<group>"; };
		C1F5602628D4765900E573E2 /* no-audio.m4a */ = {isa = PBXFileReference; lastKnownFileType = file; path = "no-audio.m4a"; sourceTree = "<group>"; };
/* End PBXFileReference section */

/* Begin PBXFrameworksBuildPhase section */
		C1491F5D27AD472700A72AEB /* Frameworks */ = {
			isa = PBXFrameworksBuildPhase;
			buildActionMask = 2147483647;
			files = (
			);
			runOnlyForDeploymentPostprocessing = 0;
		};
		C1491F6327AD472700A72AEB /* Frameworks */ = {
			isa = PBXFrameworksBuildPhase;
			buildActionMask = 2147483647;
			files = (
			);
			runOnlyForDeploymentPostprocessing = 0;
		};
/* End PBXFrameworksBuildPhase section */

/* Begin PBXGroup section */
		C11021A128FFFDAC005AA554 /* Speech */ = {
			isa = PBXGroup;
			children = (
				C110219E28FFFD93005AA554 /* SpeechManager.swift */,
				C1B0977929117CC3004BDEE3 /* VoiceManager.swift */,
				C11021A2290026D1005AA554 /* PodcastVoice.swift */,
				C11DBB6A28DDEDA2003E426D /* SelmaVoice.swift */,
			);
			path = Speech;
			sourceTree = "<group>";
		};
		C11A239928F2E0F00022263B /* Obsolete */ = {
			isa = PBXGroup;
			children = (
				C100A48F29964F7F00713E3B /* StoryListView.swift */,
				C1BA7EBD28AA92270090573B /* AudioRenderView.swift */,
				C14CEA2928F1948A00B8DFC8 /* StandardSectionEditView.swift */,
				C14CEA2F28F1E41D00B8DFC8 /* HeadlineSectionEditView.swift */,
				C14CEA2C28F1CB4D00B8DFC8 /* StoriesSectionEditView.swift */,
			);
			path = Obsolete;
			sourceTree = "<group>";
		};
		C11A239D28F310D70022263B /* Languages */ = {
			isa = PBXGroup;
			children = (
				C11A239E28F310F20022263B /* LanguageManager.swift */,
			);
			path = Languages;
			sourceTree = "<group>";
		};
		C1262F6C28E3236400F3C725 /* Github Scripts */ = {
			isa = PBXGroup;
			children = (
				C1262F8E28E323DF00F3C725 /* ScriptParser.swift */,
				C1262F9128E3259F00F3C725 /* ScriptView.swift */,
				C1262F7428E3239E00F3C725 /* 2022-09-19-e1.md */,
				C1262F7528E3239F00F3C725 /* 2022-09-19-e2.md */,
				C1262F7628E3239F00F3C725 /* 2022-09-20-e1.md */,
				C1262F7228E3239E00F3C725 /* 2022-09-20-e2.md */,
				C1262F6F28E3239E00F3C725 /* 2022-09-21-e1.md */,
				C1262F7328E3239E00F3C725 /* 2022-09-21-e2.md */,
				C1262F7728E3239F00F3C725 /* 2022-09-22-e1.md */,
				C1262F7128E3239E00F3C725 /* 2022-09-22-e2.md */,
				C1262F6D28E3239E00F3C725 /* 2022-09-26-e1.md */,
				C1262F7028E3239E00F3C725 /* 2022-09-26-e2.md */,
				C1262F6E28E3239E00F3C725 /* 2022-09-27-e1.md */,
			);
			path = "Github Scripts";
			sourceTree = "<group>";
		};
		C1491F5027AD472500A72AEB = {
			isa = PBXGroup;
			children = (
				C10D912A2919430300AC94A7 /* Podcast-Creator--iOS--Info.plist */,
				C1491F5527AD472600A72AEB /* Shared */,
				C1491F6727AD472700A72AEB /* macOS */,
				C1491F6127AD472700A72AEB /* Products */,
			);
			sourceTree = "<group>";
		};
		C1491F5527AD472600A72AEB /* Shared */ = {
			isa = PBXGroup;
			children = (
				C1491F5827AD472600A72AEB /* Podcast_ProducerApp.swift */,
				C1543A0B28A2A64300427ED0 /* EpisodeViewModel.swift */,
				C1F00B9D290BDA3F0031EBAA /* Views */,
				C1BC0A7029965B4300ABE597 /* Models */,
				C189696228B371E1005108E7 /* Audio Files */,
				C1262F6C28E3236400F3C725 /* Github Scripts */,
				C11A239928F2E0F00022263B /* Obsolete */,
				C1491F5B27AD472700A72AEB /* Assets.xcassets */,
				C1491F5627AD472600A72AEB /* Podcast_Producer.xcdatamodeld */,
			);
			path = Shared;
			sourceTree = "<group>";
		};
		C1491F6127AD472700A72AEB /* Products */ = {
			isa = PBXGroup;
			children = (
				C1491F6027AD472700A72AEB /* Podcast Creator.app */,
				C1491F6627AD472700A72AEB /* Podcast Creator.app */,
			);
			name = Products;
			sourceTree = "<group>";
		};
		C1491F6727AD472700A72AEB /* macOS */ = {
			isa = PBXGroup;
			children = (
				C1491F6827AD472700A72AEB /* macOS.entitlements */,
				C1D946FC29A3A35800B70A83 /* MacTestView.swift */,
				C1ECCC1F29A3BDE200C1241F /* Views */,
			);
			path = macOS;
			sourceTree = "<group>";
		};
		C189696228B371E1005108E7 /* Audio Files */ = {
			isa = PBXGroup;
			children = (
				C13C775A28D8B42A00C6C61B /* 00-intro-start-trimmed.caf */,
				C13C776028D8B52200C6C61B /* 01-intro-middle-trimmed.caf */,
				C13C775D28D8B4FF00C6C61B /* 02-intro-end-trimmed.caf */,
				C11DBB5B28DDCC5E003E426D /* 03-sting-trimmed.caf */,
				C11DBB5F28DDDB77003E426D /* 07-outro-start-trimmed.caf */,
				C11DBB6728DDDC1F003E426D /* 08-outro-middle-trimmed.caf */,
				C11DBB5E28DDDB77003E426D /* 09-outro-end-trimmed.caf */,
				C13C775128D889D900C6C61B /* bip-CAF.caf */,
				C1F5602628D4765900E573E2 /* no-audio.m4a */,
			);
			path = "Audio Files";
			sourceTree = "<group>";
		};
		C1BA7EC628AA9E510090573B /* Selma */ = {
			isa = PBXGroup;
			children = (
				C1BA7EC028AA93280090573B /* AudioManager.swift */,
				C176AB0D28CF7A3B00E2804D /* AudioEpisode.swift */,
				C1BA7EC728AB82300090573B /* SelmaAPI.swift */,
			);
			path = Selma;
			sourceTree = "<group>";
		};
		C1BC0A6C299659ED00ABE597 /* Sidebar */ = {
			isa = PBXGroup;
			children = (
				C14A102629113213004DBB67 /* Sidebar.swift */,
				C14B1E6E290C2801000748FA /* TemplateCreationView.swift */,
				C1C97195290C2E66008DACB3 /* GithubCreationView.swift */,
			);
			path = Sidebar;
			sourceTree = "<group>";
		};
		C1BC0A6D29965A8400ABE597 /* Rendering */ = {
			isa = PBXGroup;
			children = (
				C15F6D56296D58D800BA567D /* PodcastRenderView.swift */,
				C1495732296D7AFF00C70E40 /* AudioPlayerView.swift */,
			);
			path = Rendering;
			sourceTree = "<group>";
		};
		C1BC0A6E29965AB500ABE597 /* Structure */ = {
			isa = PBXGroup;
			children = (
				C100A48C29964AA000713E3B /* StructureEditorView.swift */,
				C170D76729A37A9F00309559 /* SectionEditView.swift */,
			);
			path = Structure;
			sourceTree = "<group>";
		};
		C1BC0A6F29965AE900ABE597 /* Episode */ = {
			isa = PBXGroup;
			children = (
				C1756AB928A1198D00FE9F2B /* EpisodeEditorView.swift */,
				C191062C28FEEBAA00B81231 /* EpisodeCreationView.swift */,
				C1756ABC28A13D3700FE9F2B /* StoryEditView.swift */,
			);
			path = Episode;
			sourceTree = "<group>";
		};
		C1BC0A7029965B4300ABE597 /* Models */ = {
			isa = PBXGroup;
			children = (
				C1F00B9E290BDA570031EBAA /* Episode */,
				C11A239D28F310D70022263B /* Languages */,
				C11021A128FFFDAC005AA554 /* Speech */,
				C1BA7EC628AA9E510090573B /* Selma */,
				C1491F5A27AD472600A72AEB /* Persistence.swift */,
			);
			path = Models;
			sourceTree = "<group>";
		};
		C1ECCC1F29A3BDE200C1241F /* Views */ = {
			isa = PBXGroup;
			children = (
				C108C27629A3B684001032F0 /* ContentView.swift */,
			);
			path = Views;
			sourceTree = "<group>";
		};
		C1F00B9D290BDA3F0031EBAA /* Views */ = {
			isa = PBXGroup;
			children = (
				C1491F5927AD472600A72AEB /* ContentView.swift */,
				C1BC0A6C299659ED00ABE597 /* Sidebar */,
				C1BC0A6F29965AE900ABE597 /* Episode */,
				C1BC0A6E29965AB500ABE597 /* Structure */,
				C1BC0A6D29965A8400ABE597 /* Rendering */,
			);
			path = Views;
			sourceTree = "<group>";
		};
		C1F00B9E290BDA570031EBAA /* Episode */ = {
			isa = PBXGroup;
			children = (
				C1543A0E28A2A69C00427ED0 /* Episode.swift */,
				C11A239A28F30B300022263B /* EpisodeTemplate.swift */,
				C1CF37AE29840C4700134E75 /* TemplateManager.swift */,
			);
			path = Episode;
			sourceTree = "<group>";
		};
/* End PBXGroup section */

/* Begin PBXNativeTarget section */
		C1491F5F27AD472700A72AEB /* Podcast Creator (iOS) */ = {
			isa = PBXNativeTarget;
			buildConfigurationList = C1491F7527AD472700A72AEB /* Build configuration list for PBXNativeTarget "Podcast Creator (iOS)" */;
			buildPhases = (
				C1491F5C27AD472700A72AEB /* Sources */,
				C1491F5D27AD472700A72AEB /* Frameworks */,
				C1491F5E27AD472700A72AEB /* Resources */,
			);
			buildRules = (
			);
			dependencies = (
			);
			name = "Podcast Creator (iOS)";
			productName = "Podcast Producer (iOS)";
			productReference = C1491F6027AD472700A72AEB /* Podcast Creator.app */;
			productType = "com.apple.product-type.application";
		};
		C1491F6527AD472700A72AEB /* Podcast Creator (macOS) */ = {
			isa = PBXNativeTarget;
			buildConfigurationList = C1491F7827AD472700A72AEB /* Build configuration list for PBXNativeTarget "Podcast Creator (macOS)" */;
			buildPhases = (
				C1491F6227AD472700A72AEB /* Sources */,
				C1491F6327AD472700A72AEB /* Frameworks */,
				C1491F6427AD472700A72AEB /* Resources */,
			);
			buildRules = (
			);
			dependencies = (
			);
			name = "Podcast Creator (macOS)";
			productName = "Podcast Producer (macOS)";
			productReference = C1491F6627AD472700A72AEB /* Podcast Creator.app */;
			productType = "com.apple.product-type.application";
		};
/* End PBXNativeTarget section */

/* Begin PBXProject section */
		C1491F5127AD472500A72AEB /* Project object */ = {
			isa = PBXProject;
			attributes = {
				BuildIndependentTargetsInParallel = 1;
				LastSwiftUpdateCheck = 1320;
				LastUpgradeCheck = 1400;
				TargetAttributes = {
					C1491F5F27AD472700A72AEB = {
						CreatedOnToolsVersion = 13.2.1;
					};
					C1491F6527AD472700A72AEB = {
						CreatedOnToolsVersion = 13.2.1;
					};
				};
			};
			buildConfigurationList = C1491F5427AD472500A72AEB /* Build configuration list for PBXProject "Podcast Creator" */;
			compatibilityVersion = "Xcode 13.0";
			developmentRegion = en;
			hasScannedForEncodings = 0;
			knownRegions = (
				en,
				Base,
			);
			mainGroup = C1491F5027AD472500A72AEB;
			productRefGroup = C1491F6127AD472700A72AEB /* Products */;
			projectDirPath = "";
			projectRoot = "";
			targets = (
				C1491F5F27AD472700A72AEB /* Podcast Creator (iOS) */,
				C1491F6527AD472700A72AEB /* Podcast Creator (macOS) */,
			);
		};
/* End PBXProject section */

/* Begin PBXResourcesBuildPhase section */
		C1491F5E27AD472700A72AEB /* Resources */ = {
			isa = PBXResourcesBuildPhase;
			buildActionMask = 2147483647;
			files = (
				C11DBB5C28DDCC5E003E426D /* 03-sting-trimmed.caf in Resources */,
				C13C775B28D8B42A00C6C61B /* 00-intro-start-trimmed.caf in Resources */,
				C1262F7C28E3239F00F3C725 /* 2022-09-21-e1.md in Resources */,
				C1262F7828E3239F00F3C725 /* 2022-09-26-e1.md in Resources */,
				C11DBB6328DDDB77003E426D /* 07-outro-start-trimmed.caf in Resources */,
				C1262F7A28E3239F00F3C725 /* 2022-09-27-e1.md in Resources */,
				C1F5602728D4765900E573E2 /* no-audio.m4a in Resources */,
				C11DBB6828DDDC1F003E426D /* 08-outro-middle-trimmed.caf in Resources */,
				C1262F8428E3239F00F3C725 /* 2022-09-21-e2.md in Resources */,
				C1262F8028E3239F00F3C725 /* 2022-09-22-e2.md in Resources */,
				C1262F7E28E3239F00F3C725 /* 2022-09-26-e2.md in Resources */,
				C1491F7127AD472700A72AEB /* Assets.xcassets in Resources */,
				C13C776128D8B52200C6C61B /* 01-intro-middle-trimmed.caf in Resources */,
				C13C775E28D8B4FF00C6C61B /* 02-intro-end-trimmed.caf in Resources */,
				C11DBB6128DDDB77003E426D /* 09-outro-end-trimmed.caf in Resources */,
				C1262F8828E3239F00F3C725 /* 2022-09-19-e2.md in Resources */,
				C1262F8C28E3239F00F3C725 /* 2022-09-22-e1.md in Resources */,
				C1262F8228E3239F00F3C725 /* 2022-09-20-e2.md in Resources */,
				C1262F8A28E3239F00F3C725 /* 2022-09-20-e1.md in Resources */,
				C13C775228D889D900C6C61B /* bip-CAF.caf in Resources */,
				C1262F8628E3239F00F3C725 /* 2022-09-19-e1.md in Resources */,
			);
			runOnlyForDeploymentPostprocessing = 0;
		};
		C1491F6427AD472700A72AEB /* Resources */ = {
			isa = PBXResourcesBuildPhase;
			buildActionMask = 2147483647;
			files = (
				C11DBB5D28DDCC5E003E426D /* 03-sting-trimmed.caf in Resources */,
				C13C775C28D8B42A00C6C61B /* 00-intro-start-trimmed.caf in Resources */,
				C1262F7D28E3239F00F3C725 /* 2022-09-21-e1.md in Resources */,
				C1262F7928E3239F00F3C725 /* 2022-09-26-e1.md in Resources */,
				C11DBB6428DDDB77003E426D /* 07-outro-start-trimmed.caf in Resources */,
				C1262F7B28E3239F00F3C725 /* 2022-09-27-e1.md in Resources */,
				C1F5602828D4765900E573E2 /* no-audio.m4a in Resources */,
				C11DBB6928DDDC1F003E426D /* 08-outro-middle-trimmed.caf in Resources */,
				C1262F8528E3239F00F3C725 /* 2022-09-21-e2.md in Resources */,
				C1262F8128E3239F00F3C725 /* 2022-09-22-e2.md in Resources */,
				C1262F7F28E3239F00F3C725 /* 2022-09-26-e2.md in Resources */,
				C1491F7227AD472700A72AEB /* Assets.xcassets in Resources */,
				C13C776228D8B52200C6C61B /* 01-intro-middle-trimmed.caf in Resources */,
				C13C775F28D8B4FF00C6C61B /* 02-intro-end-trimmed.caf in Resources */,
				C11DBB6228DDDB77003E426D /* 09-outro-end-trimmed.caf in Resources */,
				C1262F8928E3239F00F3C725 /* 2022-09-19-e2.md in Resources */,
				C1262F8D28E3239F00F3C725 /* 2022-09-22-e1.md in Resources */,
				C1262F8328E3239F00F3C725 /* 2022-09-20-e2.md in Resources */,
				C1262F8B28E3239F00F3C725 /* 2022-09-20-e1.md in Resources */,
				C13C775328D889D900C6C61B /* bip-CAF.caf in Resources */,
				C1262F8728E3239F00F3C725 /* 2022-09-19-e1.md in Resources */,
			);
			runOnlyForDeploymentPostprocessing = 0;
		};
/* End PBXResourcesBuildPhase section */

/* Begin PBXSourcesBuildPhase section */
		C1491F5C27AD472700A72AEB /* Sources */ = {
			isa = PBXSourcesBuildPhase;
			buildActionMask = 2147483647;
			files = (
				C1262F9228E3259F00F3C725 /* ScriptView.swift in Sources */,
				C100A49029964F7F00713E3B /* StoryListView.swift in Sources */,
				C1756ABD28A13D3700FE9F2B /* StoryEditView.swift in Sources */,
				C1B0977A29117CC3004BDEE3 /* VoiceManager.swift in Sources */,
				C1BA7EBE28AA92270090573B /* AudioRenderView.swift in Sources */,
				C100A48D29964AA000713E3B /* StructureEditorView.swift in Sources */,
				C1491F6B27AD472700A72AEB /* Podcast_ProducerApp.swift in Sources */,
				C11A239B28F30B300022263B /* EpisodeTemplate.swift in Sources */,
				C1CF37AF29840C4700134E75 /* TemplateManager.swift in Sources */,
				C176AB0E28CF7A3B00E2804D /* AudioEpisode.swift in Sources */,
				C1495733296D7AFF00C70E40 /* AudioPlayerView.swift in Sources */,
				C11A239F28F310F20022263B /* LanguageManager.swift in Sources */,
				C14A102729113213004DBB67 /* Sidebar.swift in Sources */,
				C14CEA3028F1E41D00B8DFC8 /* HeadlineSectionEditView.swift in Sources */,
				C110219F28FFFD93005AA554 /* SpeechManager.swift in Sources */,
				C1491F6F27AD472700A72AEB /* Persistence.swift in Sources */,
				C1756ABA28A1198D00FE9F2B /* EpisodeEditorView.swift in Sources */,
				C191062D28FEEBAA00B81231 /* EpisodeCreationView.swift in Sources */,
				C1491F6927AD472700A72AEB /* Podcast_Producer.xcdatamodeld in Sources */,
				C1543A0C28A2A64300427ED0 /* EpisodeViewModel.swift in Sources */,
				C1543A0F28A2A69C00427ED0 /* Episode.swift in Sources */,
				C1BA7EC128AA93280090573B /* AudioManager.swift in Sources */,
				C11021A3290026D1005AA554 /* PodcastVoice.swift in Sources */,
				C14CEA2A28F1948A00B8DFC8 /* StandardSectionEditView.swift in Sources */,
				C170D76829A37A9F00309559 /* SectionEditView.swift in Sources */,
				C1491F6D27AD472700A72AEB /* ContentView.swift in Sources */,
				C1BA7EC828AB82300090573B /* SelmaAPI.swift in Sources */,
				C11DBB6B28DDEDA2003E426D /* SelmaVoice.swift in Sources */,
				C14B1E6F290C2801000748FA /* TemplateCreationView.swift in Sources */,
				C15F6D57296D58D800BA567D /* PodcastRenderView.swift in Sources */,
				C14CEA2D28F1CB4D00B8DFC8 /* StoriesSectionEditView.swift in Sources */,
				C1C97196290C2E66008DACB3 /* GithubCreationView.swift in Sources */,
				C1262F8F28E323DF00F3C725 /* ScriptParser.swift in Sources */,
			);
			runOnlyForDeploymentPostprocessing = 0;
		};
		C1491F6227AD472700A72AEB /* Sources */ = {
			isa = PBXSourcesBuildPhase;
			buildActionMask = 2147483647;
			files = (
				C1D946FD29A3A35800B70A83 /* MacTestView.swift in Sources */,
				C1262F9328E3259F00F3C725 /* ScriptView.swift in Sources */,
				C100A49129964F7F00713E3B /* StoryListView.swift in Sources */,
				C1756ABE28A13D3700FE9F2B /* StoryEditView.swift in Sources */,
				C1B0977B29117CC3004BDEE3 /* VoiceManager.swift in Sources */,
				C1BA7EBF28AA92270090573B /* AudioRenderView.swift in Sources */,
				C100A48E29964AA000713E3B /* StructureEditorView.swift in Sources */,
				C1491F6C27AD472700A72AEB /* Podcast_ProducerApp.swift in Sources */,
				C11A239C28F30B300022263B /* EpisodeTemplate.swift in Sources */,
				C1CF37B029840C4700134E75 /* TemplateManager.swift in Sources */,
				C176AB0F28CF7A3B00E2804D /* AudioEpisode.swift in Sources */,
				C1495734296D7AFF00C70E40 /* AudioPlayerView.swift in Sources */,
				C11A23A028F310F20022263B /* LanguageManager.swift in Sources */,
				C14CEA3128F1E41D00B8DFC8 /* HeadlineSectionEditView.swift in Sources */,
				C11021A028FFFD93005AA554 /* SpeechManager.swift in Sources */,
				C1491F7027AD472700A72AEB /* Persistence.swift in Sources */,
				C191062E28FEEBAA00B81231 /* EpisodeCreationView.swift in Sources */,
				C1491F6A27AD472700A72AEB /* Podcast_Producer.xcdatamodeld in Sources */,
				C1543A0D28A2A64300427ED0 /* EpisodeViewModel.swift in Sources */,
				C1543A1028A2A69C00427ED0 /* Episode.swift in Sources */,
				C1BA7EC228AA93280090573B /* AudioManager.swift in Sources */,
				C11021A4290026D1005AA554 /* PodcastVoice.swift in Sources */,
				C14CEA2B28F1948A00B8DFC8 /* StandardSectionEditView.swift in Sources */,
				C11013A329A4CD600082D667 /* Sidebar.swift in Sources */,
				C1E4C71A29A4D1350040826F /* ContentView.swift in Sources */,
				C170D76929A37A9F00309559 /* SectionEditView.swift in Sources */,
				C1BA7EC928AB82300090573B /* SelmaAPI.swift in Sources */,
				C11DBB6C28DDEDA2003E426D /* SelmaVoice.swift in Sources */,
				C14B1E70290C2801000748FA /* TemplateCreationView.swift in Sources */,
				C1D946FE29A3A3F100B70A83 /* EpisodeEditorView.swift in Sources */,
				C15F6D58296D58D800BA567D /* PodcastRenderView.swift in Sources */,
				C14CEA2E28F1CB4D00B8DFC8 /* StoriesSectionEditView.swift in Sources */,
				C1C97197290C2E66008DACB3 /* GithubCreationView.swift in Sources */,
				C1262F9028E323DF00F3C725 /* ScriptParser.swift in Sources */,
			);
			runOnlyForDeploymentPostprocessing = 0;
		};
/* End PBXSourcesBuildPhase section */

/* Begin XCBuildConfiguration section */
		C1491F7327AD472700A72AEB /* Debug */ = {
			isa = XCBuildConfiguration;
			buildSettings = {
				ALWAYS_SEARCH_USER_PATHS = NO;
				CLANG_ANALYZER_NONNULL = YES;
				CLANG_ANALYZER_NUMBER_OBJECT_CONVERSION = YES_AGGRESSIVE;
				CLANG_CXX_LANGUAGE_STANDARD = "gnu++17";
				CLANG_CXX_LIBRARY = "libc++";
				CLANG_ENABLE_MODULES = YES;
				CLANG_ENABLE_OBJC_ARC = YES;
				CLANG_ENABLE_OBJC_WEAK = YES;
				CLANG_WARN_BLOCK_CAPTURE_AUTORELEASING = YES;
				CLANG_WARN_BOOL_CONVERSION = YES;
				CLANG_WARN_COMMA = YES;
				CLANG_WARN_CONSTANT_CONVERSION = YES;
				CLANG_WARN_DEPRECATED_OBJC_IMPLEMENTATIONS = YES;
				CLANG_WARN_DIRECT_OBJC_ISA_USAGE = YES_ERROR;
				CLANG_WARN_DOCUMENTATION_COMMENTS = YES;
				CLANG_WARN_EMPTY_BODY = YES;
				CLANG_WARN_ENUM_CONVERSION = YES;
				CLANG_WARN_INFINITE_RECURSION = YES;
				CLANG_WARN_INT_CONVERSION = YES;
				CLANG_WARN_NON_LITERAL_NULL_CONVERSION = YES;
				CLANG_WARN_OBJC_IMPLICIT_RETAIN_SELF = YES;
				CLANG_WARN_OBJC_LITERAL_CONVERSION = YES;
				CLANG_WARN_OBJC_ROOT_CLASS = YES_ERROR;
				CLANG_WARN_QUOTED_INCLUDE_IN_FRAMEWORK_HEADER = YES;
				CLANG_WARN_RANGE_LOOP_ANALYSIS = YES;
				CLANG_WARN_STRICT_PROTOTYPES = YES;
				CLANG_WARN_SUSPICIOUS_MOVE = YES;
				CLANG_WARN_UNGUARDED_AVAILABILITY = YES_AGGRESSIVE;
				CLANG_WARN_UNREACHABLE_CODE = YES;
				CLANG_WARN__DUPLICATE_METHOD_MATCH = YES;
				COPY_PHASE_STRIP = NO;
				DEAD_CODE_STRIPPING = YES;
				DEBUG_INFORMATION_FORMAT = dwarf;
				ENABLE_STRICT_OBJC_MSGSEND = YES;
				ENABLE_TESTABILITY = YES;
				GCC_C_LANGUAGE_STANDARD = gnu11;
				GCC_DYNAMIC_NO_PIC = NO;
				GCC_NO_COMMON_BLOCKS = YES;
				GCC_OPTIMIZATION_LEVEL = 0;
				GCC_PREPROCESSOR_DEFINITIONS = (
					"DEBUG=1",
					"$(inherited)",
				);
				GCC_WARN_64_TO_32_BIT_CONVERSION = YES;
				GCC_WARN_ABOUT_RETURN_TYPE = YES_ERROR;
				GCC_WARN_UNDECLARED_SELECTOR = YES;
				GCC_WARN_UNINITIALIZED_AUTOS = YES_AGGRESSIVE;
				GCC_WARN_UNUSED_FUNCTION = YES;
				GCC_WARN_UNUSED_VARIABLE = YES;
				MTL_ENABLE_DEBUG_INFO = INCLUDE_SOURCE;
				MTL_FAST_MATH = YES;
				ONLY_ACTIVE_ARCH = YES;
				SWIFT_ACTIVE_COMPILATION_CONDITIONS = DEBUG;
				SWIFT_OPTIMIZATION_LEVEL = "-Onone";
			};
			name = Debug;
		};
		C1491F7427AD472700A72AEB /* Release */ = {
			isa = XCBuildConfiguration;
			buildSettings = {
				ALWAYS_SEARCH_USER_PATHS = NO;
				CLANG_ANALYZER_NONNULL = YES;
				CLANG_ANALYZER_NUMBER_OBJECT_CONVERSION = YES_AGGRESSIVE;
				CLANG_CXX_LANGUAGE_STANDARD = "gnu++17";
				CLANG_CXX_LIBRARY = "libc++";
				CLANG_ENABLE_MODULES = YES;
				CLANG_ENABLE_OBJC_ARC = YES;
				CLANG_ENABLE_OBJC_WEAK = YES;
				CLANG_WARN_BLOCK_CAPTURE_AUTORELEASING = YES;
				CLANG_WARN_BOOL_CONVERSION = YES;
				CLANG_WARN_COMMA = YES;
				CLANG_WARN_CONSTANT_CONVERSION = YES;
				CLANG_WARN_DEPRECATED_OBJC_IMPLEMENTATIONS = YES;
				CLANG_WARN_DIRECT_OBJC_ISA_USAGE = YES_ERROR;
				CLANG_WARN_DOCUMENTATION_COMMENTS = YES;
				CLANG_WARN_EMPTY_BODY = YES;
				CLANG_WARN_ENUM_CONVERSION = YES;
				CLANG_WARN_INFINITE_RECURSION = YES;
				CLANG_WARN_INT_CONVERSION = YES;
				CLANG_WARN_NON_LITERAL_NULL_CONVERSION = YES;
				CLANG_WARN_OBJC_IMPLICIT_RETAIN_SELF = YES;
				CLANG_WARN_OBJC_LITERAL_CONVERSION = YES;
				CLANG_WARN_OBJC_ROOT_CLASS = YES_ERROR;
				CLANG_WARN_QUOTED_INCLUDE_IN_FRAMEWORK_HEADER = YES;
				CLANG_WARN_RANGE_LOOP_ANALYSIS = YES;
				CLANG_WARN_STRICT_PROTOTYPES = YES;
				CLANG_WARN_SUSPICIOUS_MOVE = YES;
				CLANG_WARN_UNGUARDED_AVAILABILITY = YES_AGGRESSIVE;
				CLANG_WARN_UNREACHABLE_CODE = YES;
				CLANG_WARN__DUPLICATE_METHOD_MATCH = YES;
				COPY_PHASE_STRIP = NO;
				DEAD_CODE_STRIPPING = YES;
				DEBUG_INFORMATION_FORMAT = "dwarf-with-dsym";
				ENABLE_NS_ASSERTIONS = NO;
				ENABLE_STRICT_OBJC_MSGSEND = YES;
				GCC_C_LANGUAGE_STANDARD = gnu11;
				GCC_NO_COMMON_BLOCKS = YES;
				GCC_WARN_64_TO_32_BIT_CONVERSION = YES;
				GCC_WARN_ABOUT_RETURN_TYPE = YES_ERROR;
				GCC_WARN_UNDECLARED_SELECTOR = YES;
				GCC_WARN_UNINITIALIZED_AUTOS = YES_AGGRESSIVE;
				GCC_WARN_UNUSED_FUNCTION = YES;
				GCC_WARN_UNUSED_VARIABLE = YES;
				MTL_ENABLE_DEBUG_INFO = NO;
				MTL_FAST_MATH = YES;
				SWIFT_COMPILATION_MODE = wholemodule;
				SWIFT_OPTIMIZATION_LEVEL = "-O";
			};
			name = Release;
		};
		C1491F7627AD472700A72AEB /* Debug */ = {
			isa = XCBuildConfiguration;
			buildSettings = {
				ASSETCATALOG_COMPILER_APPICON_NAME = AppIcon;
				ASSETCATALOG_COMPILER_GLOBAL_ACCENT_COLOR_NAME = AccentColor;
				CODE_SIGN_STYLE = Automatic;
				CURRENT_PROJECT_VERSION = 2;
				DEVELOPMENT_TEAM = 82DH72DY44;
				ENABLE_PREVIEWS = YES;
				GENERATE_INFOPLIST_FILE = YES;
				INFOPLIST_FILE = "Podcast-Creator--iOS--Info.plist";
				INFOPLIST_KEY_UIApplicationSceneManifest_Generation = YES;
				INFOPLIST_KEY_UIApplicationSupportsIndirectInputEvents = YES;
				INFOPLIST_KEY_UILaunchScreen_Generation = YES;
				INFOPLIST_KEY_UISupportedInterfaceOrientations = "UIInterfaceOrientationLandscapeLeft UIInterfaceOrientationLandscapeRight UIInterfaceOrientationPortrait";
				INFOPLIST_KEY_UISupportedInterfaceOrientations_iPad = "UIInterfaceOrientationLandscapeLeft UIInterfaceOrientationLandscapeRight UIInterfaceOrientationPortrait UIInterfaceOrientationPortraitUpsideDown";
				IPHONEOS_DEPLOYMENT_TARGET = 16.0;
				LD_RUNPATH_SEARCH_PATHS = (
					"$(inherited)",
					"@executable_path/Frameworks",
				);
				MARKETING_VERSION = 1.0;
				PRODUCT_BUNDLE_IDENTIFIER = "com.lab-dw.Podcast-Producer";
				PRODUCT_NAME = "Podcast Creator";
				SDKROOT = iphoneos;
				SWIFT_EMIT_LOC_STRINGS = YES;
				SWIFT_VERSION = 5.0;
				TARGETED_DEVICE_FAMILY = "1,2";
			};
			name = Debug;
		};
		C1491F7727AD472700A72AEB /* Release */ = {
			isa = XCBuildConfiguration;
			buildSettings = {
				ASSETCATALOG_COMPILER_APPICON_NAME = AppIcon;
				ASSETCATALOG_COMPILER_GLOBAL_ACCENT_COLOR_NAME = AccentColor;
				CODE_SIGN_STYLE = Automatic;
				CURRENT_PROJECT_VERSION = 2;
				DEVELOPMENT_TEAM = 82DH72DY44;
				ENABLE_PREVIEWS = YES;
				GENERATE_INFOPLIST_FILE = YES;
				INFOPLIST_FILE = "Podcast-Creator--iOS--Info.plist";
				INFOPLIST_KEY_UIApplicationSceneManifest_Generation = YES;
				INFOPLIST_KEY_UIApplicationSupportsIndirectInputEvents = YES;
				INFOPLIST_KEY_UILaunchScreen_Generation = YES;
				INFOPLIST_KEY_UISupportedInterfaceOrientations = "UIInterfaceOrientationLandscapeLeft UIInterfaceOrientationLandscapeRight UIInterfaceOrientationPortrait";
				INFOPLIST_KEY_UISupportedInterfaceOrientations_iPad = "UIInterfaceOrientationLandscapeLeft UIInterfaceOrientationLandscapeRight UIInterfaceOrientationPortrait UIInterfaceOrientationPortraitUpsideDown";
				IPHONEOS_DEPLOYMENT_TARGET = 16.0;
				LD_RUNPATH_SEARCH_PATHS = (
					"$(inherited)",
					"@executable_path/Frameworks",
				);
				MARKETING_VERSION = 1.0;
				PRODUCT_BUNDLE_IDENTIFIER = "com.lab-dw.Podcast-Producer";
				PRODUCT_NAME = "Podcast Creator";
				SDKROOT = iphoneos;
				SWIFT_EMIT_LOC_STRINGS = YES;
				SWIFT_VERSION = 5.0;
				TARGETED_DEVICE_FAMILY = "1,2";
				VALIDATE_PRODUCT = YES;
			};
			name = Release;
		};
		C1491F7927AD472700A72AEB /* Debug */ = {
			isa = XCBuildConfiguration;
			buildSettings = {
				ASSETCATALOG_COMPILER_APPICON_NAME = AppIcon;
				ASSETCATALOG_COMPILER_GLOBAL_ACCENT_COLOR_NAME = AccentColor;
				CODE_SIGN_ENTITLEMENTS = macOS/macOS.entitlements;
				CODE_SIGN_IDENTITY = "-";
				"CODE_SIGN_IDENTITY[sdk=macosx*]" = "-";
				CODE_SIGN_STYLE = Automatic;
				COMBINE_HIDPI_IMAGES = YES;
				CURRENT_PROJECT_VERSION = 1;
				DEAD_CODE_STRIPPING = YES;
				DEVELOPMENT_TEAM = 82DH72DY44;
				ENABLE_HARDENED_RUNTIME = YES;
				ENABLE_PREVIEWS = YES;
				GENERATE_INFOPLIST_FILE = YES;
				INFOPLIST_KEY_NSHumanReadableCopyright = "";
				LD_RUNPATH_SEARCH_PATHS = (
					"$(inherited)",
					"@executable_path/../Frameworks",
				);
				MACOSX_DEPLOYMENT_TARGET = 13.0;
				MARKETING_VERSION = 1.0;
				PRODUCT_BUNDLE_IDENTIFIER = "com.lab-dw.Podcast-Producer";
				PRODUCT_NAME = "Podcast Creator";
				SDKROOT = macosx;
				SWIFT_EMIT_LOC_STRINGS = YES;
				SWIFT_VERSION = 5.0;
			};
			name = Debug;
		};
		C1491F7A27AD472700A72AEB /* Release */ = {
			isa = XCBuildConfiguration;
			buildSettings = {
				ASSETCATALOG_COMPILER_APPICON_NAME = AppIcon;
				ASSETCATALOG_COMPILER_GLOBAL_ACCENT_COLOR_NAME = AccentColor;
				CODE_SIGN_ENTITLEMENTS = macOS/macOS.entitlements;
				CODE_SIGN_IDENTITY = "-";
				"CODE_SIGN_IDENTITY[sdk=macosx*]" = "-";
				CODE_SIGN_STYLE = Automatic;
				COMBINE_HIDPI_IMAGES = YES;
				CURRENT_PROJECT_VERSION = 1;
				DEAD_CODE_STRIPPING = YES;
				DEVELOPMENT_TEAM = 82DH72DY44;
				ENABLE_HARDENED_RUNTIME = YES;
				ENABLE_PREVIEWS = YES;
				GENERATE_INFOPLIST_FILE = YES;
				INFOPLIST_KEY_NSHumanReadableCopyright = "";
				LD_RUNPATH_SEARCH_PATHS = (
					"$(inherited)",
					"@executable_path/../Frameworks",
				);
				MACOSX_DEPLOYMENT_TARGET = 13.0;
				MARKETING_VERSION = 1.0;
				PRODUCT_BUNDLE_IDENTIFIER = "com.lab-dw.Podcast-Producer";
				PRODUCT_NAME = "Podcast Creator";
				SDKROOT = macosx;
				SWIFT_EMIT_LOC_STRINGS = YES;
				SWIFT_VERSION = 5.0;
			};
			name = Release;
		};
/* End XCBuildConfiguration section */

/* Begin XCConfigurationList section */
		C1491F5427AD472500A72AEB /* Build configuration list for PBXProject "Podcast Creator" */ = {
			isa = XCConfigurationList;
			buildConfigurations = (
				C1491F7327AD472700A72AEB /* Debug */,
				C1491F7427AD472700A72AEB /* Release */,
			);
			defaultConfigurationIsVisible = 0;
			defaultConfigurationName = Release;
		};
		C1491F7527AD472700A72AEB /* Build configuration list for PBXNativeTarget "Podcast Creator (iOS)" */ = {
			isa = XCConfigurationList;
			buildConfigurations = (
				C1491F7627AD472700A72AEB /* Debug */,
				C1491F7727AD472700A72AEB /* Release */,
			);
			defaultConfigurationIsVisible = 0;
			defaultConfigurationName = Release;
		};
		C1491F7827AD472700A72AEB /* Build configuration list for PBXNativeTarget "Podcast Creator (macOS)" */ = {
			isa = XCConfigurationList;
			buildConfigurations = (
				C1491F7927AD472700A72AEB /* Debug */,
				C1491F7A27AD472700A72AEB /* Release */,
			);
			defaultConfigurationIsVisible = 0;
			defaultConfigurationName = Release;
		};
/* End XCConfigurationList section */

/* Begin XCVersionGroup section */
		C1491F5627AD472600A72AEB /* Podcast_Producer.xcdatamodeld */ = {
			isa = XCVersionGroup;
			children = (
				C1491F5727AD472600A72AEB /* Shared.xcdatamodel */,
			);
			currentVersion = C1491F5727AD472600A72AEB /* Shared.xcdatamodel */;
			path = Podcast_Producer.xcdatamodeld;
			sourceTree = "<group>";
			versionGroupType = wrapper.xcdatamodel;
		};
/* End XCVersionGroup section */
	};
	rootObject = C1491F5127AD472500A72AEB /* Project object */;
}
