{
  "pins" : [
    {
      "identity" : "cleverbird",
      "kind" : "remoteSourceControl",
      "location" : "https://github.com/btfranklin/CleverBird.git",
      "state" : {
        "revision" : "e60ff23eb01fcd3bc7e4067685e680a63529088f",
        "version" : "4.0.1"
      }
    },
    {
      "identity" : "dwspeakerkit",
      "kind" : "remoteSourceControl",
      "location" : "https://github.com/dw-innovation/DWSpeakerKit.git",
      "state" : {
        "branch" : "main",
        "revision" : "3fdc870b9537a759341c4fba82f09699a05208b2"
      }
    },
    {
      "identity" : "dwutilities",
      "kind" : "remoteSourceControl",
      "location" : "https://github.com/agiefer/DWUtilities.git",
      "state" : {
        "branch" : "main",
        "revision" : "bdb074c172ffa321888c9ab7f3dce0e15cb5ddf0"
      }
    },
    {
      "identity" : "get",
      "kind" : "remoteSourceControl",
      "location" : "https://github.com/kean/Get",
      "state" : {
        "revision" : "12830cc64f31789ae6f4352d2d51d03a25fc3741",
        "version" : "2.1.6"
      }
    },
    {
      "identity" : "monitiokit",
      "kind" : "remoteSourceControl",
      "location" : "https://github.com/agiefer/MonitioKit.git",
      "state" : {
        "branch" : "main",
        "revision" : "019e81aad825d61d6d9bf9e7aa0b1424c79d77c0"
      }
    },
    {
      "identity" : "selmakit",
      "kind" : "remoteSourceControl",
      "location" : "https://github.com/agiefer/SelmaKit.git",
      "state" : {
        "branch" : "main",
        "revision" : "50344730a7c398f596db20f7e8c97494804b7f78"
      }
    },
    {
      "identity" : "wdrkit",
      "kind" : "remoteSourceControl",
      "location" : "https://github.com/agiefer/WDRKit.git",
      "state" : {
        "branch" : "main",
        "revision" : "7536e4f4ec0493e96b2a7b671d0ce798d6fe4e55"
      }
    }
  ],
  "version" : 2
}
