{
  "pins" : [
    {
      "identity" : "cleverbird",
      "kind" : "remoteSourceControl",
      "location" : "https://github.com/btfranklin/CleverBird.git",
      "state" : {
        "revision" : "f370820eb03441b110e0ca89cfd534d88ead6e80",
        "version" : "3.1.1"
      }
    },
    {
      "identity" : "dwutilities",
      "kind" : "remoteSourceControl",
      "location" : "https://github.com/agiefer/DWUtilities.git",
      "state" : {
        "branch" : "main",
        "revision" : "aff96fe91998a82013460ea403875dfaa2b6acae"
      }
    },
    {
      "identity" : "get",
      "kind" : "remoteSourceControl",
      "location" : "https://github.com/kean/Get",
      "state" : {
        "revision" : "12830cc64f31789ae6f4352d2d51d03a25fc3741",
        "version" : "2.1.6"
      }
    },
    {
      "identity" : "monitiokit",
      "kind" : "remoteSourceControl",
      "location" : "https://github.com/agiefer/MonitioKit.git",
      "state" : {
        "branch" : "main",
        "revision" : "5df0cf929329ae7d949d55b64ae581fce3a56201"
      }
    },
    {
      "identity" : "selmakit",
      "kind" : "remoteSourceControl",
      "location" : "https://github.com/agiefer/SelmaKit.git",
      "state" : {
        "branch" : "main",
        "revision" : "4b416105d448a2c602eb51eccee482c60505b5f3"
      }
    },
    {
      "identity" : "wdrkit",
      "kind" : "remoteSourceControl",
      "location" : "https://github.com/agiefer/WDRKit.git",
      "state" : {
        "branch" : "main",
        "revision" : "7536e4f4ec0493e96b2a7b671d0ce798d6fe4e55"
      }
    }
  ],
  "version" : 2
}
